// !$*UTF8*$!
{
	archiveVersion = 1;
	classes = {
	};
	objectVersion = 46;
	objects = {

/* Begin PBXBuildFile section */
		242485980DF14B4E892E85FC /* libPods.a in Frameworks */ = {isa = PBXBuildFile; fileRef = 6DE61FDE33D3473AA45B7F01 /* libPods.a */; };
		F8088FEE19D1AF8800797B9C /* UIViewController+TipsView.m in Sources */ = {isa = PBXBuildFile; fileRef = F8088FED19D1AF8800797B9C /* UIViewController+TipsView.m */; };
		F8288EA219A77752008D5573 /* Foundation.framework in Frameworks */ = {isa = PBXBuildFile; fileRef = F8288EA119A77752008D5573 /* Foundation.framework */; };
		F8288EA419A77752008D5573 /* CoreGraphics.framework in Frameworks */ = {isa = PBXBuildFile; fileRef = F8288EA319A77752008D5573 /* CoreGraphics.framework */; };
		F8288EA619A77752008D5573 /* UIKit.framework in Frameworks */ = {isa = PBXBuildFile; fileRef = F8288EA519A77752008D5573 /* UIKit.framework */; };
		F8288EAC19A77752008D5573 /* InfoPlist.strings in Resources */ = {isa = PBXBuildFile; fileRef = F8288EAA19A77752008D5573 /* InfoPlist.strings */; };
		F8288EAE19A77752008D5573 /* main.m in Sources */ = {isa = PBXBuildFile; fileRef = F8288EAD19A77752008D5573 /* main.m */; };
		F8288EB219A77752008D5573 /* XZAppDelegate.m in Sources */ = {isa = PBXBuildFile; fileRef = F8288EB119A77752008D5573 /* XZAppDelegate.m */; };
		F8288EB419A77752008D5573 /* Images.xcassets in Resources */ = {isa = PBXBuildFile; fileRef = F8288EB319A77752008D5573 /* Images.xcassets */; };
		F8288EBB19A77752008D5573 /* XCTest.framework in Frameworks */ = {isa = PBXBuildFile; fileRef = F8288EBA19A77752008D5573 /* XCTest.framework */; };
		F8288EBC19A77752008D5573 /* Foundation.framework in Frameworks */ = {isa = PBXBuildFile; fileRef = F8288EA119A77752008D5573 /* Foundation.framework */; };
		F8288EBD19A77752008D5573 /* UIKit.framework in Frameworks */ = {isa = PBXBuildFile; fileRef = F8288EA519A77752008D5573 /* UIKit.framework */; };
		F8288EC519A77752008D5573 /* InfoPlist.strings in Resources */ = {isa = PBXBuildFile; fileRef = F8288EC319A77752008D5573 /* InfoPlist.strings */; };
		F8288EC719A77752008D5573 /* XZMusicTests.m in Sources */ = {isa = PBXBuildFile; fileRef = F8288EC619A77752008D5573 /* XZMusicTests.m */; };
		F88EECEC19CEA0D60041C4B3 /* XZWBLoginInfo.m in Sources */ = {isa = PBXBuildFile; fileRef = F88EECEB19CEA0D60041C4B3 /* XZWBLoginInfo.m */; };
		F8C0886219B2D84700FFF778 /* XZDownLoadViewController.m in Sources */ = {isa = PBXBuildFile; fileRef = F8C0886119B2D84700FFF778 /* XZDownLoadViewController.m */; };
		F8C0886419B2D92D00FFF778 /* settings@2x.png in Resources */ = {isa = PBXBuildFile; fileRef = F8C0886319B2D92D00FFF778 /* settings@2x.png */; };
		F8C0886619B2D93600FFF778 /* search@2x.png in Resources */ = {isa = PBXBuildFile; fileRef = F8C0886519B2D93600FFF778 /* search@2x.png */; };
		F8C0886819B2D96300FFF778 /* music@2x.png in Resources */ = {isa = PBXBuildFile; fileRef = F8C0886719B2D96300FFF778 /* music@2x.png */; };
		F8C42C8419AF1CEC00DE0673 /* XZHeaderButton.m in Sources */ = {isa = PBXBuildFile; fileRef = F8C42C8319AF1CEC00DE0673 /* XZHeaderButton.m */; };
		F8C766D819B2EB5A00C01953 /* XZSettingViewController.m in Sources */ = {isa = PBXBuildFile; fileRef = F8C766D719B2EB5A00C01953 /* XZSettingViewController.m */; };
		F8C766DC19B2EB7D00C01953 /* XZLovingViewController.m in Sources */ = {isa = PBXBuildFile; fileRef = F8C766DB19B2EB7D00C01953 /* XZLovingViewController.m */; };
		F8C766E019B2EBB900C01953 /* XZSearchViewController.m in Sources */ = {isa = PBXBuildFile; fileRef = F8C766DF19B2EBB900C01953 /* XZSearchViewController.m */; };
		F8D3C7BE19C848D2004AFF2F /* libWeiboSDK.a in Frameworks */ = {isa = PBXBuildFile; fileRef = F8D3C7BB19C848D2004AFF2F /* libWeiboSDK.a */; };
		F8D3C7BF19C848D2004AFF2F /* WeiboSDK.bundle in Resources */ = {isa = PBXBuildFile; fileRef = F8D3C7BC19C848D2004AFF2F /* WeiboSDK.bundle */; };
		F8D3C7C519C848E1004AFF2F /* XZLoginForWBViewController.m in Sources */ = {isa = PBXBuildFile; fileRef = F8D3C7C219C848E1004AFF2F /* XZLoginForWBViewController.m */; };
		F8D3C7C619C848E1004AFF2F /* XZWBLoginManager.m in Sources */ = {isa = PBXBuildFile; fileRef = F8D3C7C419C848E1004AFF2F /* XZWBLoginManager.m */; };
		F8F1FD7C19A977C100C5A7F7 /* XZLeftMenu.m in Sources */ = {isa = PBXBuildFile; fileRef = F8F1FD7B19A977C100C5A7F7 /* XZLeftMenu.m */; };
		F8F1FD7F19A978E100C5A7F7 /* XZMenuMainViewController.m in Sources */ = {isa = PBXBuildFile; fileRef = F8F1FD7E19A978E100C5A7F7 /* XZMenuMainViewController.m */; };
		F8F1FD8319A9791D00C5A7F7 /* XZTabBarViewController.m in Sources */ = {isa = PBXBuildFile; fileRef = F8F1FD8219A9791D00C5A7F7 /* XZTabBarViewController.m */; };
		F8F1FD8619A9794500C5A7F7 /* XZTabBarForHomeViewController.m in Sources */ = {isa = PBXBuildFile; fileRef = F8F1FD8519A9794500C5A7F7 /* XZTabBarForHomeViewController.m */; };
		F8F1FD8919A9795E00C5A7F7 /* XZTabBarForMeViewController.m in Sources */ = {isa = PBXBuildFile; fileRef = F8F1FD8819A9795E00C5A7F7 /* XZTabBarForMeViewController.m */; };
		F8F1FD9419A988D800C5A7F7 /* XZMenuButton.m in Sources */ = {isa = PBXBuildFile; fileRef = F8F1FD9319A988D800C5A7F7 /* XZMenuButton.m */; };
		F8F1FD9919A98C8800C5A7F7 /* XZBaseButton.m in Sources */ = {isa = PBXBuildFile; fileRef = F8F1FD9819A98C8800C5A7F7 /* XZBaseButton.m */; };
		F8F1FD9C19A98CB200C5A7F7 /* XZTabBarView.m in Sources */ = {isa = PBXBuildFile; fileRef = F8F1FD9B19A98CB200C5A7F7 /* XZTabBarView.m */; };
		F8F1FD9F19A98DBF00C5A7F7 /* XZLineView.m in Sources */ = {isa = PBXBuildFile; fileRef = F8F1FD9E19A98DBF00C5A7F7 /* XZLineView.m */; };
		F8F9F74B19C9758A00C5257F /* nav_menu_icon@2x.png in Resources */ = {isa = PBXBuildFile; fileRef = F8F9F74A19C9758A00C5257F /* nav_menu_icon@2x.png */; };
		F8FA3AE819B018FF00D478F9 /* download@2x.png in Resources */ = {isa = PBXBuildFile; fileRef = F8FA3A8B19B018FF00D478F9 /* download@2x.png */; };
		F8FA3AE919B018FF00D478F9 /* love@2x.png in Resources */ = {isa = PBXBuildFile; fileRef = F8FA3A8C19B018FF00D478F9 /* love@2x.png */; };
		F8FA3AEA19B018FF00D478F9 /* music-100.png in Resources */ = {isa = PBXBuildFile; fileRef = F8FA3A8E19B018FF00D478F9 /* music-100.png */; };
		F8FA3AEB19B018FF00D478F9 /* music-128.png in Resources */ = {isa = PBXBuildFile; fileRef = F8FA3A8F19B018FF00D478F9 /* music-128.png */; };
		F8FA3AEC19B018FF00D478F9 /* music-25.png in Resources */ = {isa = PBXBuildFile; fileRef = F8FA3A9019B018FF00D478F9 /* music-25.png */; };
		F8FA3AED19B018FF00D478F9 /* music-256.png in Resources */ = {isa = PBXBuildFile; fileRef = F8FA3A9119B018FF00D478F9 /* music-256.png */; };
		F8FA3AEE19B018FF00D478F9 /* music-32.png in Resources */ = {isa = PBXBuildFile; fileRef = F8FA3A9219B018FF00D478F9 /* music-32.png */; };
		F8FA3AF019B018FF00D478F9 /* music-512_.png in Resources */ = {isa = PBXBuildFile; fileRef = F8FA3A9419B018FF00D478F9 /* music-512_.png */; };
		F8FA3AF119B018FF00D478F9 /* music-75.png in Resources */ = {isa = PBXBuildFile; fileRef = F8FA3A9519B018FF00D478F9 /* music-75.png */; };
		F8FA3AF319B018FF00D478F9 /* sad-100.png in Resources */ = {isa = PBXBuildFile; fileRef = F8FA3A9819B018FF00D478F9 /* sad-100.png */; };
		F8FA3AF419B018FF00D478F9 /* sad-128.png in Resources */ = {isa = PBXBuildFile; fileRef = F8FA3A9919B018FF00D478F9 /* sad-128.png */; };
		F8FA3AF519B018FF00D478F9 /* sad-25.png in Resources */ = {isa = PBXBuildFile; fileRef = F8FA3A9A19B018FF00D478F9 /* sad-25.png */; };
		F8FA3AF619B018FF00D478F9 /* sad-256.png in Resources */ = {isa = PBXBuildFile; fileRef = F8FA3A9B19B018FF00D478F9 /* sad-256.png */; };
		F8FA3AF719B018FF00D478F9 /* sad-32.png in Resources */ = {isa = PBXBuildFile; fileRef = F8FA3A9C19B018FF00D478F9 /* sad-32.png */; };
		F8FA3AF819B018FF00D478F9 /* sad-50.png in Resources */ = {isa = PBXBuildFile; fileRef = F8FA3A9D19B018FF00D478F9 /* sad-50.png */; };
		F8FA3AF919B018FF00D478F9 /* sad-512_.png in Resources */ = {isa = PBXBuildFile; fileRef = F8FA3A9E19B018FF00D478F9 /* sad-512_.png */; };
		F8FA3AFA19B018FF00D478F9 /* sad-75.png in Resources */ = {isa = PBXBuildFile; fileRef = F8FA3A9F19B018FF00D478F9 /* sad-75.png */; };
		F8FA3AFB19B018FF00D478F9 /* search-100.png in Resources */ = {isa = PBXBuildFile; fileRef = F8FA3AA119B018FF00D478F9 /* search-100.png */; };
		F8FA3AFC19B018FF00D478F9 /* search-128.png in Resources */ = {isa = PBXBuildFile; fileRef = F8FA3AA219B018FF00D478F9 /* search-128.png */; };
		F8FA3AFD19B018FF00D478F9 /* search-25.png in Resources */ = {isa = PBXBuildFile; fileRef = F8FA3AA319B018FF00D478F9 /* search-25.png */; };
		F8FA3AFE19B018FF00D478F9 /* search-256.png in Resources */ = {isa = PBXBuildFile; fileRef = F8FA3AA419B018FF00D478F9 /* search-256.png */; };
		F8FA3AFF19B018FF00D478F9 /* search-32.png in Resources */ = {isa = PBXBuildFile; fileRef = F8FA3AA519B018FF00D478F9 /* search-32.png */; };
		F8FA3B0119B018FF00D478F9 /* search-512_.png in Resources */ = {isa = PBXBuildFile; fileRef = F8FA3AA719B018FF00D478F9 /* search-512_.png */; };
		F8FA3B0219B018FF00D478F9 /* search-75.png in Resources */ = {isa = PBXBuildFile; fileRef = F8FA3AA819B018FF00D478F9 /* search-75.png */; };
		F8FA3B0319B018FF00D478F9 /* settings-100.png in Resources */ = {isa = PBXBuildFile; fileRef = F8FA3AAA19B018FF00D478F9 /* settings-100.png */; };
		F8FA3B0419B018FF00D478F9 /* settings-128.png in Resources */ = {isa = PBXBuildFile; fileRef = F8FA3AAB19B018FF00D478F9 /* settings-128.png */; };
		F8FA3B0519B018FF00D478F9 /* settings-25.png in Resources */ = {isa = PBXBuildFile; fileRef = F8FA3AAC19B018FF00D478F9 /* settings-25.png */; };
		F8FA3B0619B018FF00D478F9 /* settings-256.png in Resources */ = {isa = PBXBuildFile; fileRef = F8FA3AAD19B018FF00D478F9 /* settings-256.png */; };
		F8FA3B0719B018FF00D478F9 /* settings-32.png in Resources */ = {isa = PBXBuildFile; fileRef = F8FA3AAE19B018FF00D478F9 /* settings-32.png */; };
		F8FA3B0919B018FF00D478F9 /* settings-512_.png in Resources */ = {isa = PBXBuildFile; fileRef = F8FA3AB019B018FF00D478F9 /* settings-512_.png */; };
		F8FA3B0A19B018FF00D478F9 /* settings-75.png in Resources */ = {isa = PBXBuildFile; fileRef = F8FA3AB119B018FF00D478F9 /* settings-75.png */; };
		F8FA3B0B19B018FF00D478F9 /* star-100.png in Resources */ = {isa = PBXBuildFile; fileRef = F8FA3AB319B018FF00D478F9 /* star-100.png */; };
		F8FA3B0C19B018FF00D478F9 /* star-128.png in Resources */ = {isa = PBXBuildFile; fileRef = F8FA3AB419B018FF00D478F9 /* star-128.png */; };
		F8FA3B0D19B018FF00D478F9 /* star-25.png in Resources */ = {isa = PBXBuildFile; fileRef = F8FA3AB519B018FF00D478F9 /* star-25.png */; };
		F8FA3B0E19B018FF00D478F9 /* star-256.png in Resources */ = {isa = PBXBuildFile; fileRef = F8FA3AB619B018FF00D478F9 /* star-256.png */; };
		F8FA3B0F19B018FF00D478F9 /* star-32.png in Resources */ = {isa = PBXBuildFile; fileRef = F8FA3AB719B018FF00D478F9 /* star-32.png */; };
		F8FA3B1019B018FF00D478F9 /* star-50.png in Resources */ = {isa = PBXBuildFile; fileRef = F8FA3AB819B018FF00D478F9 /* star-50.png */; };
		F8FA3B1119B018FF00D478F9 /* star-512_.png in Resources */ = {isa = PBXBuildFile; fileRef = F8FA3AB919B018FF00D478F9 /* star-512_.png */; };
		F8FA3B1219B018FF00D478F9 /* star-75.png in Resources */ = {isa = PBXBuildFile; fileRef = F8FA3ABA19B018FF00D478F9 /* star-75.png */; };
		F8FA3B1319B018FF00D478F9 /* thumb_down-100.png in Resources */ = {isa = PBXBuildFile; fileRef = F8FA3ABC19B018FF00D478F9 /* thumb_down-100.png */; };
		F8FA3B1419B018FF00D478F9 /* thumb_down-128.png in Resources */ = {isa = PBXBuildFile; fileRef = F8FA3ABD19B018FF00D478F9 /* thumb_down-128.png */; };
		F8FA3B1519B018FF00D478F9 /* thumb_down-25.png in Resources */ = {isa = PBXBuildFile; fileRef = F8FA3ABE19B018FF00D478F9 /* thumb_down-25.png */; };
		F8FA3B1619B018FF00D478F9 /* thumb_down-256.png in Resources */ = {isa = PBXBuildFile; fileRef = F8FA3ABF19B018FF00D478F9 /* thumb_down-256.png */; };
		F8FA3B1719B018FF00D478F9 /* thumb_down-32.png in Resources */ = {isa = PBXBuildFile; fileRef = F8FA3AC019B018FF00D478F9 /* thumb_down-32.png */; };
		F8FA3B1819B018FF00D478F9 /* thumb_down-50.png in Resources */ = {isa = PBXBuildFile; fileRef = F8FA3AC119B018FF00D478F9 /* thumb_down-50.png */; };
		F8FA3B1919B018FF00D478F9 /* thumb_down-512_.png in Resources */ = {isa = PBXBuildFile; fileRef = F8FA3AC219B018FF00D478F9 /* thumb_down-512_.png */; };
		F8FA3B1A19B018FF00D478F9 /* thumb_down-75.png in Resources */ = {isa = PBXBuildFile; fileRef = F8FA3AC319B018FF00D478F9 /* thumb_down-75.png */; };
		F8FA3B1B19B018FF00D478F9 /* thumb_up-100.png in Resources */ = {isa = PBXBuildFile; fileRef = F8FA3AC519B018FF00D478F9 /* thumb_up-100.png */; };
		F8FA3B1C19B018FF00D478F9 /* thumb_up-128.png in Resources */ = {isa = PBXBuildFile; fileRef = F8FA3AC619B018FF00D478F9 /* thumb_up-128.png */; };
		F8FA3B1D19B018FF00D478F9 /* thumb_up-25.png in Resources */ = {isa = PBXBuildFile; fileRef = F8FA3AC719B018FF00D478F9 /* thumb_up-25.png */; };
		F8FA3B1E19B018FF00D478F9 /* thumb_up-256.png in Resources */ = {isa = PBXBuildFile; fileRef = F8FA3AC819B018FF00D478F9 /* thumb_up-256.png */; };
		F8FA3B1F19B018FF00D478F9 /* thumb_up-32.png in Resources */ = {isa = PBXBuildFile; fileRef = F8FA3AC919B018FF00D478F9 /* thumb_up-32.png */; };
		F8FA3B2019B018FF00D478F9 /* thumb_up-50.png in Resources */ = {isa = PBXBuildFile; fileRef = F8FA3ACA19B018FF00D478F9 /* thumb_up-50.png */; };
		F8FA3B2119B018FF00D478F9 /* thumb_up-512_.png in Resources */ = {isa = PBXBuildFile; fileRef = F8FA3ACB19B018FF00D478F9 /* thumb_up-512_.png */; };
		F8FA3B2219B018FF00D478F9 /* thumb_up-75.png in Resources */ = {isa = PBXBuildFile; fileRef = F8FA3ACC19B018FF00D478F9 /* thumb_up-75.png */; };
		F8FA3B2319B018FF00D478F9 /* trash-100.png in Resources */ = {isa = PBXBuildFile; fileRef = F8FA3ACE19B018FF00D478F9 /* trash-100.png */; };
		F8FA3B2419B018FF00D478F9 /* trash-128.png in Resources */ = {isa = PBXBuildFile; fileRef = F8FA3ACF19B018FF00D478F9 /* trash-128.png */; };
		F8FA3B2519B018FF00D478F9 /* trash-25.png in Resources */ = {isa = PBXBuildFile; fileRef = F8FA3AD019B018FF00D478F9 /* trash-25.png */; };
		F8FA3B2619B018FF00D478F9 /* trash-256.png in Resources */ = {isa = PBXBuildFile; fileRef = F8FA3AD119B018FF00D478F9 /* trash-256.png */; };
		F8FA3B2719B018FF00D478F9 /* trash-32.png in Resources */ = {isa = PBXBuildFile; fileRef = F8FA3AD219B018FF00D478F9 /* trash-32.png */; };
		F8FA3B2819B018FF00D478F9 /* trash-50.png in Resources */ = {isa = PBXBuildFile; fileRef = F8FA3AD319B018FF00D478F9 /* trash-50.png */; };
		F8FA3B2919B018FF00D478F9 /* trash-512_.png in Resources */ = {isa = PBXBuildFile; fileRef = F8FA3AD419B018FF00D478F9 /* trash-512_.png */; };
		F8FA3B2A19B018FF00D478F9 /* trash-75.png in Resources */ = {isa = PBXBuildFile; fileRef = F8FA3AD519B018FF00D478F9 /* trash-75.png */; };
		F8FA3B2B19B018FF00D478F9 /* user_male3-100.png in Resources */ = {isa = PBXBuildFile; fileRef = F8FA3AD719B018FF00D478F9 /* user_male3-100.png */; };
		F8FA3B2C19B018FF00D478F9 /* user_male3-128.png in Resources */ = {isa = PBXBuildFile; fileRef = F8FA3AD819B018FF00D478F9 /* user_male3-128.png */; };
		F8FA3B2D19B018FF00D478F9 /* user_male3-25.png in Resources */ = {isa = PBXBuildFile; fileRef = F8FA3AD919B018FF00D478F9 /* user_male3-25.png */; };
		F8FA3B2E19B018FF00D478F9 /* user_male3-256.png in Resources */ = {isa = PBXBuildFile; fileRef = F8FA3ADA19B018FF00D478F9 /* user_male3-256.png */; };
		F8FA3B2F19B018FF00D478F9 /* user_male3-32.png in Resources */ = {isa = PBXBuildFile; fileRef = F8FA3ADB19B018FF00D478F9 /* user_male3-32.png */; };
		F8FA3B3019B018FF00D478F9 /* user_male3-50.png in Resources */ = {isa = PBXBuildFile; fileRef = F8FA3ADC19B018FF00D478F9 /* user_male3-50.png */; };
		F8FA3B3119B018FF00D478F9 /* user_male3-512_.png in Resources */ = {isa = PBXBuildFile; fileRef = F8FA3ADD19B018FF00D478F9 /* user_male3-512_.png */; };
		F8FA3B3219B018FF00D478F9 /* user_male3-75.png in Resources */ = {isa = PBXBuildFile; fileRef = F8FA3ADE19B018FF00D478F9 /* user_male3-75.png */; };
		F8FA3B3319B018FF00D478F9 /* wifi-100.png in Resources */ = {isa = PBXBuildFile; fileRef = F8FA3AE019B018FF00D478F9 /* wifi-100.png */; };
		F8FA3B3419B018FF00D478F9 /* wifi-128.png in Resources */ = {isa = PBXBuildFile; fileRef = F8FA3AE119B018FF00D478F9 /* wifi-128.png */; };
		F8FA3B3519B018FF00D478F9 /* wifi-25.png in Resources */ = {isa = PBXBuildFile; fileRef = F8FA3AE219B018FF00D478F9 /* wifi-25.png */; };
		F8FA3B3619B018FF00D478F9 /* wifi-256.png in Resources */ = {isa = PBXBuildFile; fileRef = F8FA3AE319B018FF00D478F9 /* wifi-256.png */; };
		F8FA3B3719B018FF00D478F9 /* wifi-32.png in Resources */ = {isa = PBXBuildFile; fileRef = F8FA3AE419B018FF00D478F9 /* wifi-32.png */; };
		F8FA3B3819B018FF00D478F9 /* wifi-50.png in Resources */ = {isa = PBXBuildFile; fileRef = F8FA3AE519B018FF00D478F9 /* wifi-50.png */; };
		F8FA3B3919B018FF00D478F9 /* wifi-512_.png in Resources */ = {isa = PBXBuildFile; fileRef = F8FA3AE619B018FF00D478F9 /* wifi-512_.png */; };
		F8FA3B3A19B018FF00D478F9 /* wifi-75.png in Resources */ = {isa = PBXBuildFile; fileRef = F8FA3AE719B018FF00D478F9 /* wifi-75.png */; };
		F8FA3B5C19B024B700D478F9 /* logo_29.png in Resources */ = {isa = PBXBuildFile; fileRef = F8FA3B5219B024B700D478F9 /* logo_29.png */; };
		F8FA3B5D19B024B700D478F9 /* logo_29@2x.png in Resources */ = {isa = PBXBuildFile; fileRef = F8FA3B5319B024B700D478F9 /* logo_29@2x.png */; };
		F8FA3B5E19B024B700D478F9 /* logo_57.png in Resources */ = {isa = PBXBuildFile; fileRef = F8FA3B5419B024B700D478F9 /* logo_57.png */; };
		F8FA3B5F19B024B700D478F9 /* logo_57@2x.png in Resources */ = {isa = PBXBuildFile; fileRef = F8FA3B5519B024B700D478F9 /* logo_57@2x.png */; };
		F8FA3B6019B024B700D478F9 /* logo_60.png in Resources */ = {isa = PBXBuildFile; fileRef = F8FA3B5619B024B700D478F9 /* logo_60.png */; };
		F8FA3B6119B024B700D478F9 /* logo_60@2x.png in Resources */ = {isa = PBXBuildFile; fileRef = F8FA3B5719B024B700D478F9 /* logo_60@2x.png */; };
		F8FA3B6219B024B700D478F9 /* logo_72.png in Resources */ = {isa = PBXBuildFile; fileRef = F8FA3B5819B024B700D478F9 /* logo_72.png */; };
		F8FA3B6319B024B700D478F9 /* logo_72@2x.png in Resources */ = {isa = PBXBuildFile; fileRef = F8FA3B5919B024B700D478F9 /* logo_72@2x.png */; };
		F8FA3B6419B024B700D478F9 /* logo_80.png in Resources */ = {isa = PBXBuildFile; fileRef = F8FA3B5A19B024B700D478F9 /* logo_80.png */; };
		F8FA3B6519B024B700D478F9 /* logo_80@2x.png in Resources */ = {isa = PBXBuildFile; fileRef = F8FA3B5B19B024B700D478F9 /* logo_80@2x.png */; };
		F8FA3B7919B0479C00D478F9 /* XZBaseNaviViewController.m in Sources */ = {isa = PBXBuildFile; fileRef = F8FA3B6F19B0479C00D478F9 /* XZBaseNaviViewController.m */; };
		F8FA3B7A19B0479C00D478F9 /* XZBaseViewController.m in Sources */ = {isa = PBXBuildFile; fileRef = F8FA3B7119B0479C00D478F9 /* XZBaseViewController.m */; };
		F8FA3B7B19B0479C00D478F9 /* leftside_shadow_bg.png in Resources */ = {isa = PBXBuildFile; fileRef = F8FA3B7319B0479C00D478F9 /* leftside_shadow_bg.png */; };
		F8FA3B7C19B0479C00D478F9 /* leftside_shadow_bg@2x.png in Resources */ = {isa = PBXBuildFile; fileRef = F8FA3B7419B0479C00D478F9 /* leftside_shadow_bg@2x.png */; };
		F8FA3B7D19B0479C00D478F9 /* pushBackLock.m in Sources */ = {isa = PBXBuildFile; fileRef = F8FA3B7619B0479C00D478F9 /* pushBackLock.m */; };
		F8FA3B7E19B0479C00D478F9 /* PushBackNavigationController.m in Sources */ = {isa = PBXBuildFile; fileRef = F8FA3B7819B0479C00D478F9 /* PushBackNavigationController.m */; };
		F8FA3B8119B05D8500D478F9 /* UIBarButtonItem+NavItem.m in Sources */ = {isa = PBXBuildFile; fileRef = F8FA3B8019B05D8500D478F9 /* UIBarButtonItem+NavItem.m */; };
		F8FA3B8919B0644E00D478F9 /* UIColor+XZ.m in Sources */ = {isa = PBXBuildFile; fileRef = F8FA3B8419B0644E00D478F9 /* UIColor+XZ.m */; };
		F8FA3B8A19B0644E00D478F9 /* XZBaseButton+CornerRadius.m in Sources */ = {isa = PBXBuildFile; fileRef = F8FA3B8619B0644E00D478F9 /* XZBaseButton+CornerRadius.m */; };
		F8FA3B8B19B0644E00D478F9 /* XZBaseButton+IconWithTitle.m in Sources */ = {isa = PBXBuildFile; fileRef = F8FA3B8819B0644E00D478F9 /* XZBaseButton+IconWithTitle.m */; };
		F8FA3B8E19B0655C00D478F9 /* UIFont+XZ.m in Sources */ = {isa = PBXBuildFile; fileRef = F8FA3B8D19B0655C00D478F9 /* UIFont+XZ.m */; };
		F8FA3B9219B0688800D478F9 /* XZMusicPlayViewController.m in Sources */ = {isa = PBXBuildFile; fileRef = F8FA3B9119B0688800D478F9 /* XZMusicPlayViewController.m */; };
		F8FA3B9519B06B3D00D478F9 /* UIImage+XZ.m in Sources */ = {isa = PBXBuildFile; fileRef = F8FA3B9419B06B3D00D478F9 /* UIImage+XZ.m */; };
		F8FA3B9819B06E7D00D478F9 /* UILabel+XZ.m in Sources */ = {isa = PBXBuildFile; fileRef = F8FA3B9719B06E7D00D478F9 /* UILabel+XZ.m */; };
		F8FA3B9C19B0866700D478F9 /* anjuke_icon_back@2x.png in Resources */ = {isa = PBXBuildFile; fileRef = F8FA3B9A19B0866700D478F9 /* anjuke_icon_back@2x.png */; };
		F8FA3B9D19B0866700D478F9 /* anjuke_icon_back_press@2x.png in Resources */ = {isa = PBXBuildFile; fileRef = F8FA3B9B19B0866700D478F9 /* anjuke_icon_back_press@2x.png */; };
/* End PBXBuildFile section */

/* Begin PBXContainerItemProxy section */
		F8288EBE19A77752008D5573 /* PBXContainerItemProxy */ = {
			isa = PBXContainerItemProxy;
			containerPortal = F8288E9619A77752008D5573 /* Project object */;
			proxyType = 1;
			remoteGlobalIDString = F8288E9D19A77752008D5573;
			remoteInfo = XZMusic;
		};
/* End PBXContainerItemProxy section */

/* Begin PBXFileReference section */
		6DE61FDE33D3473AA45B7F01 /* libPods.a */ = {isa = PBXFileReference; explicitFileType = archive.ar; includeInIndex = 0; path = libPods.a; sourceTree = BUILT_PRODUCTS_DIR; };
		C8D36750BFE44555902081CD /* Pods.xcconfig */ = {isa = PBXFileReference; includeInIndex = 1; lastKnownFileType = text.xcconfig; name = Pods.xcconfig; path = Pods/Pods.xcconfig; sourceTree = "<group>"; };
		F8088FEC19D1AF8800797B9C /* UIViewController+TipsView.h */ = {isa = PBXFileReference; fileEncoding = 4; lastKnownFileType = sourcecode.c.h; name = "UIViewController+TipsView.h"; path = "XZMusic/component/Category/UIViewController+TipsView.h"; sourceTree = SOURCE_ROOT; };
		F8088FED19D1AF8800797B9C /* UIViewController+TipsView.m */ = {isa = PBXFileReference; fileEncoding = 4; lastKnownFileType = sourcecode.c.objc; name = "UIViewController+TipsView.m"; path = "XZMusic/component/Category/UIViewController+TipsView.m"; sourceTree = SOURCE_ROOT; };
		F8288E9E19A77752008D5573 /* XZMusic.app */ = {isa = PBXFileReference; explicitFileType = wrapper.application; includeInIndex = 0; path = XZMusic.app; sourceTree = BUILT_PRODUCTS_DIR; };
		F8288EA119A77752008D5573 /* Foundation.framework */ = {isa = PBXFileReference; lastKnownFileType = wrapper.framework; name = Foundation.framework; path = System/Library/Frameworks/Foundation.framework; sourceTree = SDKROOT; };
		F8288EA319A77752008D5573 /* CoreGraphics.framework */ = {isa = PBXFileReference; lastKnownFileType = wrapper.framework; name = CoreGraphics.framework; path = System/Library/Frameworks/CoreGraphics.framework; sourceTree = SDKROOT; };
		F8288EA519A77752008D5573 /* UIKit.framework */ = {isa = PBXFileReference; lastKnownFileType = wrapper.framework; name = UIKit.framework; path = System/Library/Frameworks/UIKit.framework; sourceTree = SDKROOT; };
		F8288EA919A77752008D5573 /* XZMusic-Info.plist */ = {isa = PBXFileReference; lastKnownFileType = text.plist.xml; path = "XZMusic-Info.plist"; sourceTree = "<group>"; };
		F8288EAB19A77752008D5573 /* en */ = {isa = PBXFileReference; lastKnownFileType = text.plist.strings; name = en; path = en.lproj/InfoPlist.strings; sourceTree = "<group>"; };
		F8288EAD19A77752008D5573 /* main.m */ = {isa = PBXFileReference; lastKnownFileType = sourcecode.c.objc; path = main.m; sourceTree = "<group>"; };
		F8288EAF19A77752008D5573 /* XZMusic-Prefix.pch */ = {isa = PBXFileReference; lastKnownFileType = sourcecode.c.h; path = "XZMusic-Prefix.pch"; sourceTree = "<group>"; };
		F8288EB019A77752008D5573 /* XZAppDelegate.h */ = {isa = PBXFileReference; lastKnownFileType = sourcecode.c.h; path = XZAppDelegate.h; sourceTree = "<group>"; };
		F8288EB119A77752008D5573 /* XZAppDelegate.m */ = {isa = PBXFileReference; lastKnownFileType = sourcecode.c.objc; path = XZAppDelegate.m; sourceTree = "<group>"; };
		F8288EB319A77752008D5573 /* Images.xcassets */ = {isa = PBXFileReference; lastKnownFileType = folder.assetcatalog; path = Images.xcassets; sourceTree = "<group>"; };
		F8288EB919A77752008D5573 /* XZMusicTests.xctest */ = {isa = PBXFileReference; explicitFileType = wrapper.cfbundle; includeInIndex = 0; path = XZMusicTests.xctest; sourceTree = BUILT_PRODUCTS_DIR; };
		F8288EBA19A77752008D5573 /* XCTest.framework */ = {isa = PBXFileReference; lastKnownFileType = wrapper.framework; name = XCTest.framework; path = Library/Frameworks/XCTest.framework; sourceTree = DEVELOPER_DIR; };
		F8288EC219A77752008D5573 /* XZMusicTests-Info.plist */ = {isa = PBXFileReference; lastKnownFileType = text.plist.xml; path = "XZMusicTests-Info.plist"; sourceTree = "<group>"; };
		F8288EC419A77752008D5573 /* en */ = {isa = PBXFileReference; lastKnownFileType = text.plist.strings; name = en; path = en.lproj/InfoPlist.strings; sourceTree = "<group>"; };
		F8288EC619A77752008D5573 /* XZMusicTests.m */ = {isa = PBXFileReference; lastKnownFileType = sourcecode.c.objc; path = XZMusicTests.m; sourceTree = "<group>"; };
		F88EECEA19CEA0D60041C4B3 /* XZWBLoginInfo.h */ = {isa = PBXFileReference; fileEncoding = 4; lastKnownFileType = sourcecode.c.h; path = XZWBLoginInfo.h; sourceTree = "<group>"; };
		F88EECEB19CEA0D60041C4B3 /* XZWBLoginInfo.m */ = {isa = PBXFileReference; fileEncoding = 4; lastKnownFileType = sourcecode.c.objc; path = XZWBLoginInfo.m; sourceTree = "<group>"; };
		F8C0886019B2D84700FFF778 /* XZDownLoadViewController.h */ = {isa = PBXFileReference; fileEncoding = 4; lastKnownFileType = sourcecode.c.h; path = XZDownLoadViewController.h; sourceTree = "<group>"; };
		F8C0886119B2D84700FFF778 /* XZDownLoadViewController.m */ = {isa = PBXFileReference; fileEncoding = 4; lastKnownFileType = sourcecode.c.objc; path = XZDownLoadViewController.m; sourceTree = "<group>"; };
		F8C0886319B2D92D00FFF778 /* settings@2x.png */ = {isa = PBXFileReference; lastKnownFileType = image.png; path = "settings@2x.png"; sourceTree = "<group>"; };
		F8C0886519B2D93600FFF778 /* search@2x.png */ = {isa = PBXFileReference; lastKnownFileType = image.png; path = "search@2x.png"; sourceTree = "<group>"; };
		F8C0886719B2D96300FFF778 /* music@2x.png */ = {isa = PBXFileReference; lastKnownFileType = image.png; path = "music@2x.png"; sourceTree = "<group>"; };
		F8C42C8219AF1CEC00DE0673 /* XZHeaderButton.h */ = {isa = PBXFileReference; fileEncoding = 4; lastKnownFileType = sourcecode.c.h; path = XZHeaderButton.h; sourceTree = "<group>"; };
		F8C42C8319AF1CEC00DE0673 /* XZHeaderButton.m */ = {isa = PBXFileReference; fileEncoding = 4; lastKnownFileType = sourcecode.c.objc; path = XZHeaderButton.m; sourceTree = "<group>"; };
		F8C766D619B2EB5A00C01953 /* XZSettingViewController.h */ = {isa = PBXFileReference; fileEncoding = 4; lastKnownFileType = sourcecode.c.h; path = XZSettingViewController.h; sourceTree = "<group>"; };
		F8C766D719B2EB5A00C01953 /* XZSettingViewController.m */ = {isa = PBXFileReference; fileEncoding = 4; lastKnownFileType = sourcecode.c.objc; path = XZSettingViewController.m; sourceTree = "<group>"; };
		F8C766DA19B2EB7D00C01953 /* XZLovingViewController.h */ = {isa = PBXFileReference; fileEncoding = 4; lastKnownFileType = sourcecode.c.h; path = XZLovingViewController.h; sourceTree = "<group>"; };
		F8C766DB19B2EB7D00C01953 /* XZLovingViewController.m */ = {isa = PBXFileReference; fileEncoding = 4; lastKnownFileType = sourcecode.c.objc; path = XZLovingViewController.m; sourceTree = "<group>"; };
		F8C766DE19B2EBB900C01953 /* XZSearchViewController.h */ = {isa = PBXFileReference; fileEncoding = 4; lastKnownFileType = sourcecode.c.h; path = XZSearchViewController.h; sourceTree = "<group>"; };
		F8C766DF19B2EBB900C01953 /* XZSearchViewController.m */ = {isa = PBXFileReference; fileEncoding = 4; lastKnownFileType = sourcecode.c.objc; path = XZSearchViewController.m; sourceTree = "<group>"; };
		F8D3C7BB19C848D2004AFF2F /* libWeiboSDK.a */ = {isa = PBXFileReference; lastKnownFileType = archive.ar; path = libWeiboSDK.a; sourceTree = "<group>"; };
		F8D3C7BC19C848D2004AFF2F /* WeiboSDK.bundle */ = {isa = PBXFileReference; lastKnownFileType = "wrapper.plug-in"; path = WeiboSDK.bundle; sourceTree = "<group>"; };
		F8D3C7BD19C848D2004AFF2F /* WeiboSDK.h */ = {isa = PBXFileReference; fileEncoding = 4; lastKnownFileType = sourcecode.c.h; path = WeiboSDK.h; sourceTree = "<group>"; };
		F8D3C7C119C848E1004AFF2F /* XZLoginForWBViewController.h */ = {isa = PBXFileReference; fileEncoding = 4; lastKnownFileType = sourcecode.c.h; path = XZLoginForWBViewController.h; sourceTree = "<group>"; };
		F8D3C7C219C848E1004AFF2F /* XZLoginForWBViewController.m */ = {isa = PBXFileReference; fileEncoding = 4; lastKnownFileType = sourcecode.c.objc; path = XZLoginForWBViewController.m; sourceTree = "<group>"; };
		F8D3C7C319C848E1004AFF2F /* XZWBLoginManager.h */ = {isa = PBXFileReference; fileEncoding = 4; lastKnownFileType = sourcecode.c.h; path = XZWBLoginManager.h; sourceTree = "<group>"; };
		F8D3C7C419C848E1004AFF2F /* XZWBLoginManager.m */ = {isa = PBXFileReference; fileEncoding = 4; lastKnownFileType = sourcecode.c.objc; path = XZWBLoginManager.m; sourceTree = "<group>"; };
		F8F1FD7A19A977C100C5A7F7 /* XZLeftMenu.h */ = {isa = PBXFileReference; fileEncoding = 4; lastKnownFileType = sourcecode.c.h; path = XZLeftMenu.h; sourceTree = "<group>"; };
		F8F1FD7B19A977C100C5A7F7 /* XZLeftMenu.m */ = {isa = PBXFileReference; fileEncoding = 4; lastKnownFileType = sourcecode.c.objc; path = XZLeftMenu.m; sourceTree = "<group>"; };
		F8F1FD7D19A978E100C5A7F7 /* XZMenuMainViewController.h */ = {isa = PBXFileReference; fileEncoding = 4; lastKnownFileType = sourcecode.c.h; path = XZMenuMainViewController.h; sourceTree = "<group>"; };
		F8F1FD7E19A978E100C5A7F7 /* XZMenuMainViewController.m */ = {isa = PBXFileReference; fileEncoding = 4; lastKnownFileType = sourcecode.c.objc; path = XZMenuMainViewController.m; sourceTree = "<group>"; };
		F8F1FD8119A9791D00C5A7F7 /* XZTabBarViewController.h */ = {isa = PBXFileReference; fileEncoding = 4; lastKnownFileType = sourcecode.c.h; path = XZTabBarViewController.h; sourceTree = "<group>"; };
		F8F1FD8219A9791D00C5A7F7 /* XZTabBarViewController.m */ = {isa = PBXFileReference; fileEncoding = 4; lastKnownFileType = sourcecode.c.objc; path = XZTabBarViewController.m; sourceTree = "<group>"; };
		F8F1FD8419A9794500C5A7F7 /* XZTabBarForHomeViewController.h */ = {isa = PBXFileReference; fileEncoding = 4; lastKnownFileType = sourcecode.c.h; path = XZTabBarForHomeViewController.h; sourceTree = "<group>"; };
		F8F1FD8519A9794500C5A7F7 /* XZTabBarForHomeViewController.m */ = {isa = PBXFileReference; fileEncoding = 4; lastKnownFileType = sourcecode.c.objc; path = XZTabBarForHomeViewController.m; sourceTree = "<group>"; };
		F8F1FD8719A9795E00C5A7F7 /* XZTabBarForMeViewController.h */ = {isa = PBXFileReference; fileEncoding = 4; lastKnownFileType = sourcecode.c.h; path = XZTabBarForMeViewController.h; sourceTree = "<group>"; };
		F8F1FD8819A9795E00C5A7F7 /* XZTabBarForMeViewController.m */ = {isa = PBXFileReference; fileEncoding = 4; lastKnownFileType = sourcecode.c.objc; path = XZTabBarForMeViewController.m; sourceTree = "<group>"; };
		F8F1FD9219A988D800C5A7F7 /* XZMenuButton.h */ = {isa = PBXFileReference; fileEncoding = 4; lastKnownFileType = sourcecode.c.h; path = XZMenuButton.h; sourceTree = "<group>"; };
		F8F1FD9319A988D800C5A7F7 /* XZMenuButton.m */ = {isa = PBXFileReference; fileEncoding = 4; lastKnownFileType = sourcecode.c.objc; path = XZMenuButton.m; sourceTree = "<group>"; };
		F8F1FD9719A98C8800C5A7F7 /* XZBaseButton.h */ = {isa = PBXFileReference; fileEncoding = 4; lastKnownFileType = sourcecode.c.h; path = XZBaseButton.h; sourceTree = "<group>"; };
		F8F1FD9819A98C8800C5A7F7 /* XZBaseButton.m */ = {isa = PBXFileReference; fileEncoding = 4; lastKnownFileType = sourcecode.c.objc; path = XZBaseButton.m; sourceTree = "<group>"; };
		F8F1FD9A19A98CB200C5A7F7 /* XZTabBarView.h */ = {isa = PBXFileReference; fileEncoding = 4; lastKnownFileType = sourcecode.c.h; path = XZTabBarView.h; sourceTree = "<group>"; };
		F8F1FD9B19A98CB200C5A7F7 /* XZTabBarView.m */ = {isa = PBXFileReference; fileEncoding = 4; lastKnownFileType = sourcecode.c.objc; path = XZTabBarView.m; sourceTree = "<group>"; };
		F8F1FD9D19A98DBF00C5A7F7 /* XZLineView.h */ = {isa = PBXFileReference; fileEncoding = 4; lastKnownFileType = sourcecode.c.h; path = XZLineView.h; sourceTree = "<group>"; };
		F8F1FD9E19A98DBF00C5A7F7 /* XZLineView.m */ = {isa = PBXFileReference; fileEncoding = 4; lastKnownFileType = sourcecode.c.objc; path = XZLineView.m; sourceTree = "<group>"; };
		F8F9F74A19C9758A00C5257F /* nav_menu_icon@2x.png */ = {isa = PBXFileReference; lastKnownFileType = image.png; path = "nav_menu_icon@2x.png"; sourceTree = "<group>"; };
		F8FA3A8B19B018FF00D478F9 /* download@2x.png */ = {isa = PBXFileReference; lastKnownFileType = image.png; path = "download@2x.png"; sourceTree = "<group>"; };
		F8FA3A8C19B018FF00D478F9 /* love@2x.png */ = {isa = PBXFileReference; lastKnownFileType = image.png; path = "love@2x.png"; sourceTree = "<group>"; };
		F8FA3A8E19B018FF00D478F9 /* music-100.png */ = {isa = PBXFileReference; lastKnownFileType = image.png; path = "music-100.png"; sourceTree = "<group>"; };
		F8FA3A8F19B018FF00D478F9 /* music-128.png */ = {isa = PBXFileReference; lastKnownFileType = image.png; path = "music-128.png"; sourceTree = "<group>"; };
		F8FA3A9019B018FF00D478F9 /* music-25.png */ = {isa = PBXFileReference; lastKnownFileType = image.png; path = "music-25.png"; sourceTree = "<group>"; };
		F8FA3A9119B018FF00D478F9 /* music-256.png */ = {isa = PBXFileReference; lastKnownFileType = image.png; path = "music-256.png"; sourceTree = "<group>"; };
		F8FA3A9219B018FF00D478F9 /* music-32.png */ = {isa = PBXFileReference; lastKnownFileType = image.png; path = "music-32.png"; sourceTree = "<group>"; };
		F8FA3A9419B018FF00D478F9 /* music-512_.png */ = {isa = PBXFileReference; lastKnownFileType = image.png; path = "music-512_.png"; sourceTree = "<group>"; };
		F8FA3A9519B018FF00D478F9 /* music-75.png */ = {isa = PBXFileReference; lastKnownFileType = image.png; path = "music-75.png"; sourceTree = "<group>"; };
		F8FA3A9819B018FF00D478F9 /* sad-100.png */ = {isa = PBXFileReference; lastKnownFileType = image.png; path = "sad-100.png"; sourceTree = "<group>"; };
		F8FA3A9919B018FF00D478F9 /* sad-128.png */ = {isa = PBXFileReference; lastKnownFileType = image.png; path = "sad-128.png"; sourceTree = "<group>"; };
		F8FA3A9A19B018FF00D478F9 /* sad-25.png */ = {isa = PBXFileReference; lastKnownFileType = image.png; path = "sad-25.png"; sourceTree = "<group>"; };
		F8FA3A9B19B018FF00D478F9 /* sad-256.png */ = {isa = PBXFileReference; lastKnownFileType = image.png; path = "sad-256.png"; sourceTree = "<group>"; };
		F8FA3A9C19B018FF00D478F9 /* sad-32.png */ = {isa = PBXFileReference; lastKnownFileType = image.png; path = "sad-32.png"; sourceTree = "<group>"; };
		F8FA3A9D19B018FF00D478F9 /* sad-50.png */ = {isa = PBXFileReference; lastKnownFileType = image.png; path = "sad-50.png"; sourceTree = "<group>"; };
		F8FA3A9E19B018FF00D478F9 /* sad-512_.png */ = {isa = PBXFileReference; lastKnownFileType = image.png; path = "sad-512_.png"; sourceTree = "<group>"; };
		F8FA3A9F19B018FF00D478F9 /* sad-75.png */ = {isa = PBXFileReference; lastKnownFileType = image.png; path = "sad-75.png"; sourceTree = "<group>"; };
		F8FA3AA119B018FF00D478F9 /* search-100.png */ = {isa = PBXFileReference; lastKnownFileType = image.png; path = "search-100.png"; sourceTree = "<group>"; };
		F8FA3AA219B018FF00D478F9 /* search-128.png */ = {isa = PBXFileReference; lastKnownFileType = image.png; path = "search-128.png"; sourceTree = "<group>"; };
		F8FA3AA319B018FF00D478F9 /* search-25.png */ = {isa = PBXFileReference; lastKnownFileType = image.png; path = "search-25.png"; sourceTree = "<group>"; };
		F8FA3AA419B018FF00D478F9 /* search-256.png */ = {isa = PBXFileReference; lastKnownFileType = image.png; path = "search-256.png"; sourceTree = "<group>"; };
		F8FA3AA519B018FF00D478F9 /* search-32.png */ = {isa = PBXFileReference; lastKnownFileType = image.png; path = "search-32.png"; sourceTree = "<group>"; };
		F8FA3AA719B018FF00D478F9 /* search-512_.png */ = {isa = PBXFileReference; lastKnownFileType = image.png; path = "search-512_.png"; sourceTree = "<group>"; };
		F8FA3AA819B018FF00D478F9 /* search-75.png */ = {isa = PBXFileReference; lastKnownFileType = image.png; path = "search-75.png"; sourceTree = "<group>"; };
		F8FA3AAA19B018FF00D478F9 /* settings-100.png */ = {isa = PBXFileReference; lastKnownFileType = image.png; path = "settings-100.png"; sourceTree = "<group>"; };
		F8FA3AAB19B018FF00D478F9 /* settings-128.png */ = {isa = PBXFileReference; lastKnownFileType = image.png; path = "settings-128.png"; sourceTree = "<group>"; };
		F8FA3AAC19B018FF00D478F9 /* settings-25.png */ = {isa = PBXFileReference; lastKnownFileType = image.png; path = "settings-25.png"; sourceTree = "<group>"; };
		F8FA3AAD19B018FF00D478F9 /* settings-256.png */ = {isa = PBXFileReference; lastKnownFileType = image.png; path = "settings-256.png"; sourceTree = "<group>"; };
		F8FA3AAE19B018FF00D478F9 /* settings-32.png */ = {isa = PBXFileReference; lastKnownFileType = image.png; path = "settings-32.png"; sourceTree = "<group>"; };
		F8FA3AB019B018FF00D478F9 /* settings-512_.png */ = {isa = PBXFileReference; lastKnownFileType = image.png; path = "settings-512_.png"; sourceTree = "<group>"; };
		F8FA3AB119B018FF00D478F9 /* settings-75.png */ = {isa = PBXFileReference; lastKnownFileType = image.png; path = "settings-75.png"; sourceTree = "<group>"; };
		F8FA3AB319B018FF00D478F9 /* star-100.png */ = {isa = PBXFileReference; lastKnownFileType = image.png; path = "star-100.png"; sourceTree = "<group>"; };
		F8FA3AB419B018FF00D478F9 /* star-128.png */ = {isa = PBXFileReference; lastKnownFileType = image.png; path = "star-128.png"; sourceTree = "<group>"; };
		F8FA3AB519B018FF00D478F9 /* star-25.png */ = {isa = PBXFileReference; lastKnownFileType = image.png; path = "star-25.png"; sourceTree = "<group>"; };
		F8FA3AB619B018FF00D478F9 /* star-256.png */ = {isa = PBXFileReference; lastKnownFileType = image.png; path = "star-256.png"; sourceTree = "<group>"; };
		F8FA3AB719B018FF00D478F9 /* star-32.png */ = {isa = PBXFileReference; lastKnownFileType = image.png; path = "star-32.png"; sourceTree = "<group>"; };
		F8FA3AB819B018FF00D478F9 /* star-50.png */ = {isa = PBXFileReference; lastKnownFileType = image.png; path = "star-50.png"; sourceTree = "<group>"; };
		F8FA3AB919B018FF00D478F9 /* star-512_.png */ = {isa = PBXFileReference; lastKnownFileType = image.png; path = "star-512_.png"; sourceTree = "<group>"; };
		F8FA3ABA19B018FF00D478F9 /* star-75.png */ = {isa = PBXFileReference; lastKnownFileType = image.png; path = "star-75.png"; sourceTree = "<group>"; };
		F8FA3ABC19B018FF00D478F9 /* thumb_down-100.png */ = {isa = PBXFileReference; lastKnownFileType = image.png; path = "thumb_down-100.png"; sourceTree = "<group>"; };
		F8FA3ABD19B018FF00D478F9 /* thumb_down-128.png */ = {isa = PBXFileReference; lastKnownFileType = image.png; path = "thumb_down-128.png"; sourceTree = "<group>"; };
		F8FA3ABE19B018FF00D478F9 /* thumb_down-25.png */ = {isa = PBXFileReference; lastKnownFileType = image.png; path = "thumb_down-25.png"; sourceTree = "<group>"; };
		F8FA3ABF19B018FF00D478F9 /* thumb_down-256.png */ = {isa = PBXFileReference; lastKnownFileType = image.png; path = "thumb_down-256.png"; sourceTree = "<group>"; };
		F8FA3AC019B018FF00D478F9 /* thumb_down-32.png */ = {isa = PBXFileReference; lastKnownFileType = image.png; path = "thumb_down-32.png"; sourceTree = "<group>"; };
		F8FA3AC119B018FF00D478F9 /* thumb_down-50.png */ = {isa = PBXFileReference; lastKnownFileType = image.png; path = "thumb_down-50.png"; sourceTree = "<group>"; };
		F8FA3AC219B018FF00D478F9 /* thumb_down-512_.png */ = {isa = PBXFileReference; lastKnownFileType = image.png; path = "thumb_down-512_.png"; sourceTree = "<group>"; };
		F8FA3AC319B018FF00D478F9 /* thumb_down-75.png */ = {isa = PBXFileReference; lastKnownFileType = image.png; path = "thumb_down-75.png"; sourceTree = "<group>"; };
		F8FA3AC519B018FF00D478F9 /* thumb_up-100.png */ = {isa = PBXFileReference; lastKnownFileType = image.png; path = "thumb_up-100.png"; sourceTree = "<group>"; };
		F8FA3AC619B018FF00D478F9 /* thumb_up-128.png */ = {isa = PBXFileReference; lastKnownFileType = image.png; path = "thumb_up-128.png"; sourceTree = "<group>"; };
		F8FA3AC719B018FF00D478F9 /* thumb_up-25.png */ = {isa = PBXFileReference; lastKnownFileType = image.png; path = "thumb_up-25.png"; sourceTree = "<group>"; };
		F8FA3AC819B018FF00D478F9 /* thumb_up-256.png */ = {isa = PBXFileReference; lastKnownFileType = image.png; path = "thumb_up-256.png"; sourceTree = "<group>"; };
		F8FA3AC919B018FF00D478F9 /* thumb_up-32.png */ = {isa = PBXFileReference; lastKnownFileType = image.png; path = "thumb_up-32.png"; sourceTree = "<group>"; };
		F8FA3ACA19B018FF00D478F9 /* thumb_up-50.png */ = {isa = PBXFileReference; lastKnownFileType = image.png; path = "thumb_up-50.png"; sourceTree = "<group>"; };
		F8FA3ACB19B018FF00D478F9 /* thumb_up-512_.png */ = {isa = PBXFileReference; lastKnownFileType = image.png; path = "thumb_up-512_.png"; sourceTree = "<group>"; };
		F8FA3ACC19B018FF00D478F9 /* thumb_up-75.png */ = {isa = PBXFileReference; lastKnownFileType = image.png; path = "thumb_up-75.png"; sourceTree = "<group>"; };
		F8FA3ACE19B018FF00D478F9 /* trash-100.png */ = {isa = PBXFileReference; lastKnownFileType = image.png; path = "trash-100.png"; sourceTree = "<group>"; };
		F8FA3ACF19B018FF00D478F9 /* trash-128.png */ = {isa = PBXFileReference; lastKnownFileType = image.png; path = "trash-128.png"; sourceTree = "<group>"; };
		F8FA3AD019B018FF00D478F9 /* trash-25.png */ = {isa = PBXFileReference; lastKnownFileType = image.png; path = "trash-25.png"; sourceTree = "<group>"; };
		F8FA3AD119B018FF00D478F9 /* trash-256.png */ = {isa = PBXFileReference; lastKnownFileType = image.png; path = "trash-256.png"; sourceTree = "<group>"; };
		F8FA3AD219B018FF00D478F9 /* trash-32.png */ = {isa = PBXFileReference; lastKnownFileType = image.png; path = "trash-32.png"; sourceTree = "<group>"; };
		F8FA3AD319B018FF00D478F9 /* trash-50.png */ = {isa = PBXFileReference; lastKnownFileType = image.png; path = "trash-50.png"; sourceTree = "<group>"; };
		F8FA3AD419B018FF00D478F9 /* trash-512_.png */ = {isa = PBXFileReference; lastKnownFileType = image.png; path = "trash-512_.png"; sourceTree = "<group>"; };
		F8FA3AD519B018FF00D478F9 /* trash-75.png */ = {isa = PBXFileReference; lastKnownFileType = image.png; path = "trash-75.png"; sourceTree = "<group>"; };
		F8FA3AD719B018FF00D478F9 /* user_male3-100.png */ = {isa = PBXFileReference; lastKnownFileType = image.png; path = "user_male3-100.png"; sourceTree = "<group>"; };
		F8FA3AD819B018FF00D478F9 /* user_male3-128.png */ = {isa = PBXFileReference; lastKnownFileType = image.png; path = "user_male3-128.png"; sourceTree = "<group>"; };
		F8FA3AD919B018FF00D478F9 /* user_male3-25.png */ = {isa = PBXFileReference; lastKnownFileType = image.png; path = "user_male3-25.png"; sourceTree = "<group>"; };
		F8FA3ADA19B018FF00D478F9 /* user_male3-256.png */ = {isa = PBXFileReference; lastKnownFileType = image.png; path = "user_male3-256.png"; sourceTree = "<group>"; };
		F8FA3ADB19B018FF00D478F9 /* user_male3-32.png */ = {isa = PBXFileReference; lastKnownFileType = image.png; path = "user_male3-32.png"; sourceTree = "<group>"; };
		F8FA3ADC19B018FF00D478F9 /* user_male3-50.png */ = {isa = PBXFileReference; lastKnownFileType = image.png; path = "user_male3-50.png"; sourceTree = "<group>"; };
		F8FA3ADD19B018FF00D478F9 /* user_male3-512_.png */ = {isa = PBXFileReference; lastKnownFileType = image.png; path = "user_male3-512_.png"; sourceTree = "<group>"; };
		F8FA3ADE19B018FF00D478F9 /* user_male3-75.png */ = {isa = PBXFileReference; lastKnownFileType = image.png; path = "user_male3-75.png"; sourceTree = "<group>"; };
		F8FA3AE019B018FF00D478F9 /* wifi-100.png */ = {isa = PBXFileReference; lastKnownFileType = image.png; path = "wifi-100.png"; sourceTree = "<group>"; };
		F8FA3AE119B018FF00D478F9 /* wifi-128.png */ = {isa = PBXFileReference; lastKnownFileType = image.png; path = "wifi-128.png"; sourceTree = "<group>"; };
		F8FA3AE219B018FF00D478F9 /* wifi-25.png */ = {isa = PBXFileReference; lastKnownFileType = image.png; path = "wifi-25.png"; sourceTree = "<group>"; };
		F8FA3AE319B018FF00D478F9 /* wifi-256.png */ = {isa = PBXFileReference; lastKnownFileType = image.png; path = "wifi-256.png"; sourceTree = "<group>"; };
		F8FA3AE419B018FF00D478F9 /* wifi-32.png */ = {isa = PBXFileReference; lastKnownFileType = image.png; path = "wifi-32.png"; sourceTree = "<group>"; };
		F8FA3AE519B018FF00D478F9 /* wifi-50.png */ = {isa = PBXFileReference; lastKnownFileType = image.png; path = "wifi-50.png"; sourceTree = "<group>"; };
		F8FA3AE619B018FF00D478F9 /* wifi-512_.png */ = {isa = PBXFileReference; lastKnownFileType = image.png; path = "wifi-512_.png"; sourceTree = "<group>"; };
		F8FA3AE719B018FF00D478F9 /* wifi-75.png */ = {isa = PBXFileReference; lastKnownFileType = image.png; path = "wifi-75.png"; sourceTree = "<group>"; };
		F8FA3B5219B024B700D478F9 /* logo_29.png */ = {isa = PBXFileReference; lastKnownFileType = image.png; path = logo_29.png; sourceTree = "<group>"; };
		F8FA3B5319B024B700D478F9 /* logo_29@2x.png */ = {isa = PBXFileReference; lastKnownFileType = image.png; path = "logo_29@2x.png"; sourceTree = "<group>"; };
		F8FA3B5419B024B700D478F9 /* logo_57.png */ = {isa = PBXFileReference; lastKnownFileType = image.png; path = logo_57.png; sourceTree = "<group>"; };
		F8FA3B5519B024B700D478F9 /* logo_57@2x.png */ = {isa = PBXFileReference; lastKnownFileType = image.png; path = "logo_57@2x.png"; sourceTree = "<group>"; };
		F8FA3B5619B024B700D478F9 /* logo_60.png */ = {isa = PBXFileReference; lastKnownFileType = image.png; path = logo_60.png; sourceTree = "<group>"; };
		F8FA3B5719B024B700D478F9 /* logo_60@2x.png */ = {isa = PBXFileReference; lastKnownFileType = image.png; path = "logo_60@2x.png"; sourceTree = "<group>"; };
		F8FA3B5819B024B700D478F9 /* logo_72.png */ = {isa = PBXFileReference; lastKnownFileType = image.png; path = logo_72.png; sourceTree = "<group>"; };
		F8FA3B5919B024B700D478F9 /* logo_72@2x.png */ = {isa = PBXFileReference; lastKnownFileType = image.png; path = "logo_72@2x.png"; sourceTree = "<group>"; };
		F8FA3B5A19B024B700D478F9 /* logo_80.png */ = {isa = PBXFileReference; lastKnownFileType = image.png; path = logo_80.png; sourceTree = "<group>"; };
		F8FA3B5B19B024B700D478F9 /* logo_80@2x.png */ = {isa = PBXFileReference; lastKnownFileType = image.png; path = "logo_80@2x.png"; sourceTree = "<group>"; };
		F8FA3B6E19B0479C00D478F9 /* XZBaseNaviViewController.h */ = {isa = PBXFileReference; fileEncoding = 4; lastKnownFileType = sourcecode.c.h; path = XZBaseNaviViewController.h; sourceTree = "<group>"; };
		F8FA3B6F19B0479C00D478F9 /* XZBaseNaviViewController.m */ = {isa = PBXFileReference; fileEncoding = 4; lastKnownFileType = sourcecode.c.objc; path = XZBaseNaviViewController.m; sourceTree = "<group>"; };
		F8FA3B7019B0479C00D478F9 /* XZBaseViewController.h */ = {isa = PBXFileReference; fileEncoding = 4; lastKnownFileType = sourcecode.c.h; path = XZBaseViewController.h; sourceTree = "<group>"; };
		F8FA3B7119B0479C00D478F9 /* XZBaseViewController.m */ = {isa = PBXFileReference; fileEncoding = 4; lastKnownFileType = sourcecode.c.objc; path = XZBaseViewController.m; sourceTree = "<group>"; };
		F8FA3B7319B0479C00D478F9 /* leftside_shadow_bg.png */ = {isa = PBXFileReference; lastKnownFileType = image.png; path = leftside_shadow_bg.png; sourceTree = "<group>"; };
		F8FA3B7419B0479C00D478F9 /* leftside_shadow_bg@2x.png */ = {isa = PBXFileReference; lastKnownFileType = image.png; path = "leftside_shadow_bg@2x.png"; sourceTree = "<group>"; };
		F8FA3B7519B0479C00D478F9 /* pushBackLock.h */ = {isa = PBXFileReference; fileEncoding = 4; lastKnownFileType = sourcecode.c.h; path = pushBackLock.h; sourceTree = "<group>"; };
		F8FA3B7619B0479C00D478F9 /* pushBackLock.m */ = {isa = PBXFileReference; fileEncoding = 4; lastKnownFileType = sourcecode.c.objc; path = pushBackLock.m; sourceTree = "<group>"; };
		F8FA3B7719B0479C00D478F9 /* PushBackNavigationController.h */ = {isa = PBXFileReference; fileEncoding = 4; lastKnownFileType = sourcecode.c.h; path = PushBackNavigationController.h; sourceTree = "<group>"; };
		F8FA3B7819B0479C00D478F9 /* PushBackNavigationController.m */ = {isa = PBXFileReference; fileEncoding = 4; lastKnownFileType = sourcecode.c.objc; path = PushBackNavigationController.m; sourceTree = "<group>"; };
		F8FA3B7F19B05D8500D478F9 /* UIBarButtonItem+NavItem.h */ = {isa = PBXFileReference; fileEncoding = 4; lastKnownFileType = sourcecode.c.h; path = "UIBarButtonItem+NavItem.h"; sourceTree = "<group>"; };
		F8FA3B8019B05D8500D478F9 /* UIBarButtonItem+NavItem.m */ = {isa = PBXFileReference; fileEncoding = 4; lastKnownFileType = sourcecode.c.objc; path = "UIBarButtonItem+NavItem.m"; sourceTree = "<group>"; };
		F8FA3B8319B0644E00D478F9 /* UIColor+XZ.h */ = {isa = PBXFileReference; fileEncoding = 4; lastKnownFileType = sourcecode.c.h; path = "UIColor+XZ.h"; sourceTree = "<group>"; };
		F8FA3B8419B0644E00D478F9 /* UIColor+XZ.m */ = {isa = PBXFileReference; fileEncoding = 4; lastKnownFileType = sourcecode.c.objc; path = "UIColor+XZ.m"; sourceTree = "<group>"; };
		F8FA3B8519B0644E00D478F9 /* XZBaseButton+CornerRadius.h */ = {isa = PBXFileReference; fileEncoding = 4; lastKnownFileType = sourcecode.c.h; path = "XZBaseButton+CornerRadius.h"; sourceTree = "<group>"; };
		F8FA3B8619B0644E00D478F9 /* XZBaseButton+CornerRadius.m */ = {isa = PBXFileReference; fileEncoding = 4; lastKnownFileType = sourcecode.c.objc; path = "XZBaseButton+CornerRadius.m"; sourceTree = "<group>"; };
		F8FA3B8719B0644E00D478F9 /* XZBaseButton+IconWithTitle.h */ = {isa = PBXFileReference; fileEncoding = 4; lastKnownFileType = sourcecode.c.h; path = "XZBaseButton+IconWithTitle.h"; sourceTree = "<group>"; };
		F8FA3B8819B0644E00D478F9 /* XZBaseButton+IconWithTitle.m */ = {isa = PBXFileReference; fileEncoding = 4; lastKnownFileType = sourcecode.c.objc; path = "XZBaseButton+IconWithTitle.m"; sourceTree = "<group>"; };
		F8FA3B8C19B0655C00D478F9 /* UIFont+XZ.h */ = {isa = PBXFileReference; fileEncoding = 4; lastKnownFileType = sourcecode.c.h; path = "UIFont+XZ.h"; sourceTree = "<group>"; };
		F8FA3B8D19B0655C00D478F9 /* UIFont+XZ.m */ = {isa = PBXFileReference; fileEncoding = 4; lastKnownFileType = sourcecode.c.objc; path = "UIFont+XZ.m"; sourceTree = "<group>"; };
		F8FA3B9019B0688800D478F9 /* XZMusicPlayViewController.h */ = {isa = PBXFileReference; fileEncoding = 4; lastKnownFileType = sourcecode.c.h; path = XZMusicPlayViewController.h; sourceTree = "<group>"; };
		F8FA3B9119B0688800D478F9 /* XZMusicPlayViewController.m */ = {isa = PBXFileReference; fileEncoding = 4; lastKnownFileType = sourcecode.c.objc; path = XZMusicPlayViewController.m; sourceTree = "<group>"; };
		F8FA3B9319B06B3D00D478F9 /* UIImage+XZ.h */ = {isa = PBXFileReference; fileEncoding = 4; lastKnownFileType = sourcecode.c.h; path = "UIImage+XZ.h"; sourceTree = "<group>"; };
		F8FA3B9419B06B3D00D478F9 /* UIImage+XZ.m */ = {isa = PBXFileReference; fileEncoding = 4; lastKnownFileType = sourcecode.c.objc; path = "UIImage+XZ.m"; sourceTree = "<group>"; };
		F8FA3B9619B06E7D00D478F9 /* UILabel+XZ.h */ = {isa = PBXFileReference; fileEncoding = 4; lastKnownFileType = sourcecode.c.h; path = "UILabel+XZ.h"; sourceTree = "<group>"; };
		F8FA3B9719B06E7D00D478F9 /* UILabel+XZ.m */ = {isa = PBXFileReference; fileEncoding = 4; lastKnownFileType = sourcecode.c.objc; path = "UILabel+XZ.m"; sourceTree = "<group>"; };
		F8FA3B9A19B0866700D478F9 /* anjuke_icon_back@2x.png */ = {isa = PBXFileReference; lastKnownFileType = image.png; path = "anjuke_icon_back@2x.png"; sourceTree = "<group>"; };
		F8FA3B9B19B0866700D478F9 /* anjuke_icon_back_press@2x.png */ = {isa = PBXFileReference; lastKnownFileType = image.png; path = "anjuke_icon_back_press@2x.png"; sourceTree = "<group>"; };
/* End PBXFileReference section */

/* Begin PBXFrameworksBuildPhase section */
		F8288E9B19A77752008D5573 /* Frameworks */ = {
			isa = PBXFrameworksBuildPhase;
			buildActionMask = 2147483647;
			files = (
				F8D3C7BE19C848D2004AFF2F /* libWeiboSDK.a in Frameworks */,
				F8288EA419A77752008D5573 /* CoreGraphics.framework in Frameworks */,
				F8288EA619A77752008D5573 /* UIKit.framework in Frameworks */,
				F8288EA219A77752008D5573 /* Foundation.framework in Frameworks */,
				242485980DF14B4E892E85FC /* libPods.a in Frameworks */,
			);
			runOnlyForDeploymentPostprocessing = 0;
		};
		F8288EB619A77752008D5573 /* Frameworks */ = {
			isa = PBXFrameworksBuildPhase;
			buildActionMask = 2147483647;
			files = (
				F8288EBB19A77752008D5573 /* XCTest.framework in Frameworks */,
				F8288EBD19A77752008D5573 /* UIKit.framework in Frameworks */,
				F8288EBC19A77752008D5573 /* Foundation.framework in Frameworks */,
			);
			runOnlyForDeploymentPostprocessing = 0;
		};
/* End PBXFrameworksBuildPhase section */

/* Begin PBXGroup section */
		F8288E9519A77752008D5573 = {
			isa = PBXGroup;
			children = (
				F8D3C7BA19C848D2004AFF2F /* libWeiboSDK */,
				F8288EA719A77752008D5573 /* XZMusic */,
				F8288EC019A77752008D5573 /* XZMusicTests */,
				F8288EA019A77752008D5573 /* Frameworks */,
				F8288E9F19A77752008D5573 /* Products */,
				C8D36750BFE44555902081CD /* Pods.xcconfig */,
			);
			sourceTree = "<group>";
		};
		F8288E9F19A77752008D5573 /* Products */ = {
			isa = PBXGroup;
			children = (
				F8288E9E19A77752008D5573 /* XZMusic.app */,
				F8288EB919A77752008D5573 /* XZMusicTests.xctest */,
			);
			name = Products;
			sourceTree = "<group>";
		};
		F8288EA019A77752008D5573 /* Frameworks */ = {
			isa = PBXGroup;
			children = (
				F8288EA119A77752008D5573 /* Foundation.framework */,
				F8288EA319A77752008D5573 /* CoreGraphics.framework */,
				F8288EA519A77752008D5573 /* UIKit.framework */,
				F8288EBA19A77752008D5573 /* XCTest.framework */,
				6DE61FDE33D3473AA45B7F01 /* libPods.a */,
			);
			name = Frameworks;
			sourceTree = "<group>";
		};
		F8288EA719A77752008D5573 /* XZMusic */ = {
			isa = PBXGroup;
			children = (
				F8D3C7C019C848E1004AFF2F /* Login */,
				F8C766DD19B2EBAF00C01953 /* Search */,
				F8C766D919B2EB7200C01953 /* Loving */,
				F8C766D519B2DDB300C01953 /* Setting */,
				F8C0885E19B2D83100FFF778 /* DownLoad */,
				F8C0885F19B2D83100FFF778 /* Model */,
				F8FA3B8F19B0687400D478F9 /* ViewController */,
				F8FA3A8919B018FF00D478F9 /* Resource */,
				F8F1FD9619A98C8800C5A7F7 /* Component */,
				F8F1FD8019A9790F00C5A7F7 /* XZTabBar */,
				F8F1FD7919A9772D00C5A7F7 /* XZMenu */,
				F8288EB019A77752008D5573 /* XZAppDelegate.h */,
				F8288EB119A77752008D5573 /* XZAppDelegate.m */,
				F8288EB319A77752008D5573 /* Images.xcassets */,
				F8288EA819A77752008D5573 /* Supporting Files */,
			);
			path = XZMusic;
			sourceTree = "<group>";
		};
		F8288EA819A77752008D5573 /* Supporting Files */ = {
			isa = PBXGroup;
			children = (
				F8288EA919A77752008D5573 /* XZMusic-Info.plist */,
				F8288EAA19A77752008D5573 /* InfoPlist.strings */,
				F8288EAD19A77752008D5573 /* main.m */,
				F8288EAF19A77752008D5573 /* XZMusic-Prefix.pch */,
			);
			name = "Supporting Files";
			sourceTree = "<group>";
		};
		F8288EC019A77752008D5573 /* XZMusicTests */ = {
			isa = PBXGroup;
			children = (
				F8288EC619A77752008D5573 /* XZMusicTests.m */,
				F8288EC119A77752008D5573 /* Supporting Files */,
			);
			path = XZMusicTests;
			sourceTree = "<group>";
		};
		F8288EC119A77752008D5573 /* Supporting Files */ = {
			isa = PBXGroup;
			children = (
				F8288EC219A77752008D5573 /* XZMusicTests-Info.plist */,
				F8288EC319A77752008D5573 /* InfoPlist.strings */,
			);
			name = "Supporting Files";
			sourceTree = "<group>";
		};
		F8C0885E19B2D83100FFF778 /* DownLoad */ = {
			isa = PBXGroup;
			children = (
				F8C0886019B2D84700FFF778 /* XZDownLoadViewController.h */,
				F8C0886119B2D84700FFF778 /* XZDownLoadViewController.m */,
			);
			path = DownLoad;
			sourceTree = "<group>";
		};
		F8C0885F19B2D83100FFF778 /* Model */ = {
			isa = PBXGroup;
			children = (
			);
			path = Model;
			sourceTree = "<group>";
		};
		F8C766D519B2DDB300C01953 /* Setting */ = {
			isa = PBXGroup;
			children = (
				F8C766D619B2EB5A00C01953 /* XZSettingViewController.h */,
				F8C766D719B2EB5A00C01953 /* XZSettingViewController.m */,
			);
			path = Setting;
			sourceTree = "<group>";
		};
		F8C766D919B2EB7200C01953 /* Loving */ = {
			isa = PBXGroup;
			children = (
				F8C766DA19B2EB7D00C01953 /* XZLovingViewController.h */,
				F8C766DB19B2EB7D00C01953 /* XZLovingViewController.m */,
			);
			path = Loving;
			sourceTree = "<group>";
		};
		F8C766DD19B2EBAF00C01953 /* Search */ = {
			isa = PBXGroup;
			children = (
				F8C766DE19B2EBB900C01953 /* XZSearchViewController.h */,
				F8C766DF19B2EBB900C01953 /* XZSearchViewController.m */,
			);
			path = Search;
			sourceTree = "<group>";
		};
		F8D3C7BA19C848D2004AFF2F /* libWeiboSDK */ = {
			isa = PBXGroup;
			children = (
				F8D3C7BB19C848D2004AFF2F /* libWeiboSDK.a */,
				F8D3C7BC19C848D2004AFF2F /* WeiboSDK.bundle */,
				F8D3C7BD19C848D2004AFF2F /* WeiboSDK.h */,
			);
			path = libWeiboSDK;
			sourceTree = "<group>";
		};
		F8D3C7C019C848E1004AFF2F /* Login */ = {
			isa = PBXGroup;
			children = (
				F88EECEA19CEA0D60041C4B3 /* XZWBLoginInfo.h */,
				F88EECEB19CEA0D60041C4B3 /* XZWBLoginInfo.m */,
				F8D3C7C119C848E1004AFF2F /* XZLoginForWBViewController.h */,
				F8D3C7C219C848E1004AFF2F /* XZLoginForWBViewController.m */,
				F8D3C7C319C848E1004AFF2F /* XZWBLoginManager.h */,
				F8D3C7C419C848E1004AFF2F /* XZWBLoginManager.m */,
			);
			path = Login;
			sourceTree = "<group>";
		};
		F8F1FD7919A9772D00C5A7F7 /* XZMenu */ = {
			isa = PBXGroup;
			children = (
				F8F1FD8A19A9873C00C5A7F7 /* MenuButton */,
				F8F1FD7A19A977C100C5A7F7 /* XZLeftMenu.h */,
				F8F1FD7B19A977C100C5A7F7 /* XZLeftMenu.m */,
				F8F1FD7D19A978E100C5A7F7 /* XZMenuMainViewController.h */,
				F8F1FD7E19A978E100C5A7F7 /* XZMenuMainViewController.m */,
			);
			path = XZMenu;
			sourceTree = "<group>";
		};
		F8F1FD8019A9790F00C5A7F7 /* XZTabBar */ = {
			isa = PBXGroup;
			children = (
				F8F1FD9519A98C3B00C5A7F7 /* TabBar */,
				F8F1FD8119A9791D00C5A7F7 /* XZTabBarViewController.h */,
				F8F1FD8219A9791D00C5A7F7 /* XZTabBarViewController.m */,
				F8F1FD8419A9794500C5A7F7 /* XZTabBarForHomeViewController.h */,
				F8F1FD8519A9794500C5A7F7 /* XZTabBarForHomeViewController.m */,
				F8F1FD8719A9795E00C5A7F7 /* XZTabBarForMeViewController.h */,
				F8F1FD8819A9795E00C5A7F7 /* XZTabBarForMeViewController.m */,
			);
			path = XZTabBar;
			sourceTree = "<group>";
		};
		F8F1FD8A19A9873C00C5A7F7 /* MenuButton */ = {
			isa = PBXGroup;
			children = (
				F8F1FD9219A988D800C5A7F7 /* XZMenuButton.h */,
				F8F1FD9319A988D800C5A7F7 /* XZMenuButton.m */,
				F8C42C8219AF1CEC00DE0673 /* XZHeaderButton.h */,
				F8C42C8319AF1CEC00DE0673 /* XZHeaderButton.m */,
			);
			name = MenuButton;
			sourceTree = "<group>";
		};
		F8F1FD9519A98C3B00C5A7F7 /* TabBar */ = {
			isa = PBXGroup;
			children = (
				F8F1FD9A19A98CB200C5A7F7 /* XZTabBarView.h */,
				F8F1FD9B19A98CB200C5A7F7 /* XZTabBarView.m */,
			);
			name = TabBar;
			sourceTree = "<group>";
		};
		F8F1FD9619A98C8800C5A7F7 /* Component */ = {
			isa = PBXGroup;
			children = (
				F8FA3B8219B0644E00D478F9 /* Category */,
				F8FA3B6D19B0479C00D478F9 /* BaseView */,
				F8FA3B7219B0479C00D478F9 /* PushBackClass */,
				F8F1FD9719A98C8800C5A7F7 /* XZBaseButton.h */,
				F8F1FD9819A98C8800C5A7F7 /* XZBaseButton.m */,
				F8F1FD9D19A98DBF00C5A7F7 /* XZLineView.h */,
				F8F1FD9E19A98DBF00C5A7F7 /* XZLineView.m */,
			);
			path = Component;
			sourceTree = "<group>";
		};
		F8FA3A8919B018FF00D478F9 /* Resource */ = {
			isa = PBXGroup;
			children = (
				F8FA3B9919B0866700D478F9 /* other */,
				F8FA3B3B19B01ABE00D478F9 /* logo */,
				F8FA3A8A19B018FF00D478F9 /* icon */,
			);
			path = Resource;
			sourceTree = "<group>";
		};
		F8FA3A8A19B018FF00D478F9 /* icon */ = {
			isa = PBXGroup;
			children = (
				F8FA3A8B19B018FF00D478F9 /* download@2x.png */,
				F8FA3A8C19B018FF00D478F9 /* love@2x.png */,
				F8FA3A8D19B018FF00D478F9 /* music */,
				F8FA3A9719B018FF00D478F9 /* sad */,
				F8FA3AA019B018FF00D478F9 /* search */,
				F8FA3AA919B018FF00D478F9 /* settings */,
				F8FA3AB219B018FF00D478F9 /* star */,
				F8FA3ABB19B018FF00D478F9 /* thumb_down */,
				F8FA3AC419B018FF00D478F9 /* thumb_up */,
				F8FA3ACD19B018FF00D478F9 /* trash */,
				F8FA3AD619B018FF00D478F9 /* user */,
				F8FA3ADF19B018FF00D478F9 /* wifi */,
			);
			path = icon;
			sourceTree = "<group>";
		};
		F8FA3A8D19B018FF00D478F9 /* music */ = {
			isa = PBXGroup;
			children = (
				F8C0886719B2D96300FFF778 /* music@2x.png */,
				F8FA3A8E19B018FF00D478F9 /* music-100.png */,
				F8FA3A8F19B018FF00D478F9 /* music-128.png */,
				F8FA3A9019B018FF00D478F9 /* music-25.png */,
				F8FA3A9119B018FF00D478F9 /* music-256.png */,
				F8FA3A9219B018FF00D478F9 /* music-32.png */,
				F8FA3A9419B018FF00D478F9 /* music-512_.png */,
				F8FA3A9519B018FF00D478F9 /* music-75.png */,
			);
			path = music;
			sourceTree = "<group>";
		};
		F8FA3A9719B018FF00D478F9 /* sad */ = {
			isa = PBXGroup;
			children = (
				F8FA3A9819B018FF00D478F9 /* sad-100.png */,
				F8FA3A9919B018FF00D478F9 /* sad-128.png */,
				F8FA3A9A19B018FF00D478F9 /* sad-25.png */,
				F8FA3A9B19B018FF00D478F9 /* sad-256.png */,
				F8FA3A9C19B018FF00D478F9 /* sad-32.png */,
				F8FA3A9D19B018FF00D478F9 /* sad-50.png */,
				F8FA3A9E19B018FF00D478F9 /* sad-512_.png */,
				F8FA3A9F19B018FF00D478F9 /* sad-75.png */,
			);
			path = sad;
			sourceTree = "<group>";
		};
		F8FA3AA019B018FF00D478F9 /* search */ = {
			isa = PBXGroup;
			children = (
				F8C0886519B2D93600FFF778 /* search@2x.png */,
				F8FA3AA119B018FF00D478F9 /* search-100.png */,
				F8FA3AA219B018FF00D478F9 /* search-128.png */,
				F8FA3AA319B018FF00D478F9 /* search-25.png */,
				F8FA3AA419B018FF00D478F9 /* search-256.png */,
				F8FA3AA519B018FF00D478F9 /* search-32.png */,
				F8FA3AA719B018FF00D478F9 /* search-512_.png */,
				F8FA3AA819B018FF00D478F9 /* search-75.png */,
			);
			path = search;
			sourceTree = "<group>";
		};
		F8FA3AA919B018FF00D478F9 /* settings */ = {
			isa = PBXGroup;
			children = (
				F8C0886319B2D92D00FFF778 /* settings@2x.png */,
				F8FA3AAA19B018FF00D478F9 /* settings-100.png */,
				F8FA3AAB19B018FF00D478F9 /* settings-128.png */,
				F8FA3AAC19B018FF00D478F9 /* settings-25.png */,
				F8FA3AAD19B018FF00D478F9 /* settings-256.png */,
				F8FA3AAE19B018FF00D478F9 /* settings-32.png */,
				F8FA3AB019B018FF00D478F9 /* settings-512_.png */,
				F8FA3AB119B018FF00D478F9 /* settings-75.png */,
			);
			path = settings;
			sourceTree = "<group>";
		};
		F8FA3AB219B018FF00D478F9 /* star */ = {
			isa = PBXGroup;
			children = (
				F8FA3AB319B018FF00D478F9 /* star-100.png */,
				F8FA3AB419B018FF00D478F9 /* star-128.png */,
				F8FA3AB519B018FF00D478F9 /* star-25.png */,
				F8FA3AB619B018FF00D478F9 /* star-256.png */,
				F8FA3AB719B018FF00D478F9 /* star-32.png */,
				F8FA3AB819B018FF00D478F9 /* star-50.png */,
				F8FA3AB919B018FF00D478F9 /* star-512_.png */,
				F8FA3ABA19B018FF00D478F9 /* star-75.png */,
			);
			path = star;
			sourceTree = "<group>";
		};
		F8FA3ABB19B018FF00D478F9 /* thumb_down */ = {
			isa = PBXGroup;
			children = (
				F8FA3ABC19B018FF00D478F9 /* thumb_down-100.png */,
				F8FA3ABD19B018FF00D478F9 /* thumb_down-128.png */,
				F8FA3ABE19B018FF00D478F9 /* thumb_down-25.png */,
				F8FA3ABF19B018FF00D478F9 /* thumb_down-256.png */,
				F8FA3AC019B018FF00D478F9 /* thumb_down-32.png */,
				F8FA3AC119B018FF00D478F9 /* thumb_down-50.png */,
				F8FA3AC219B018FF00D478F9 /* thumb_down-512_.png */,
				F8FA3AC319B018FF00D478F9 /* thumb_down-75.png */,
			);
			path = thumb_down;
			sourceTree = "<group>";
		};
		F8FA3AC419B018FF00D478F9 /* thumb_up */ = {
			isa = PBXGroup;
			children = (
				F8FA3AC519B018FF00D478F9 /* thumb_up-100.png */,
				F8FA3AC619B018FF00D478F9 /* thumb_up-128.png */,
				F8FA3AC719B018FF00D478F9 /* thumb_up-25.png */,
				F8FA3AC819B018FF00D478F9 /* thumb_up-256.png */,
				F8FA3AC919B018FF00D478F9 /* thumb_up-32.png */,
				F8FA3ACA19B018FF00D478F9 /* thumb_up-50.png */,
				F8FA3ACB19B018FF00D478F9 /* thumb_up-512_.png */,
				F8FA3ACC19B018FF00D478F9 /* thumb_up-75.png */,
			);
			path = thumb_up;
			sourceTree = "<group>";
		};
		F8FA3ACD19B018FF00D478F9 /* trash */ = {
			isa = PBXGroup;
			children = (
				F8FA3ACE19B018FF00D478F9 /* trash-100.png */,
				F8FA3ACF19B018FF00D478F9 /* trash-128.png */,
				F8FA3AD019B018FF00D478F9 /* trash-25.png */,
				F8FA3AD119B018FF00D478F9 /* trash-256.png */,
				F8FA3AD219B018FF00D478F9 /* trash-32.png */,
				F8FA3AD319B018FF00D478F9 /* trash-50.png */,
				F8FA3AD419B018FF00D478F9 /* trash-512_.png */,
				F8FA3AD519B018FF00D478F9 /* trash-75.png */,
			);
			path = trash;
			sourceTree = "<group>";
		};
		F8FA3AD619B018FF00D478F9 /* user */ = {
			isa = PBXGroup;
			children = (
				F8FA3AD719B018FF00D478F9 /* user_male3-100.png */,
				F8FA3AD819B018FF00D478F9 /* user_male3-128.png */,
				F8FA3AD919B018FF00D478F9 /* user_male3-25.png */,
				F8FA3ADA19B018FF00D478F9 /* user_male3-256.png */,
				F8FA3ADB19B018FF00D478F9 /* user_male3-32.png */,
				F8FA3ADC19B018FF00D478F9 /* user_male3-50.png */,
				F8FA3ADD19B018FF00D478F9 /* user_male3-512_.png */,
				F8FA3ADE19B018FF00D478F9 /* user_male3-75.png */,
			);
			path = user;
			sourceTree = "<group>";
		};
		F8FA3ADF19B018FF00D478F9 /* wifi */ = {
			isa = PBXGroup;
			children = (
				F8FA3AE019B018FF00D478F9 /* wifi-100.png */,
				F8FA3AE119B018FF00D478F9 /* wifi-128.png */,
				F8FA3AE219B018FF00D478F9 /* wifi-25.png */,
				F8FA3AE319B018FF00D478F9 /* wifi-256.png */,
				F8FA3AE419B018FF00D478F9 /* wifi-32.png */,
				F8FA3AE519B018FF00D478F9 /* wifi-50.png */,
				F8FA3AE619B018FF00D478F9 /* wifi-512_.png */,
				F8FA3AE719B018FF00D478F9 /* wifi-75.png */,
			);
			path = wifi;
			sourceTree = "<group>";
		};
		F8FA3B3B19B01ABE00D478F9 /* logo */ = {
			isa = PBXGroup;
			children = (
				F8FA3B5219B024B700D478F9 /* logo_29.png */,
				F8FA3B5319B024B700D478F9 /* logo_29@2x.png */,
				F8FA3B5419B024B700D478F9 /* logo_57.png */,
				F8FA3B5519B024B700D478F9 /* logo_57@2x.png */,
				F8FA3B5619B024B700D478F9 /* logo_60.png */,
				F8FA3B5719B024B700D478F9 /* logo_60@2x.png */,
				F8FA3B5819B024B700D478F9 /* logo_72.png */,
				F8FA3B5919B024B700D478F9 /* logo_72@2x.png */,
				F8FA3B5A19B024B700D478F9 /* logo_80.png */,
				F8FA3B5B19B024B700D478F9 /* logo_80@2x.png */,
			);
			path = logo;
			sourceTree = "<group>";
		};
		F8FA3B6D19B0479C00D478F9 /* BaseView */ = {
			isa = PBXGroup;
			children = (
				F8FA3B6E19B0479C00D478F9 /* XZBaseNaviViewController.h */,
				F8FA3B6F19B0479C00D478F9 /* XZBaseNaviViewController.m */,
				F8FA3B7019B0479C00D478F9 /* XZBaseViewController.h */,
				F8FA3B7119B0479C00D478F9 /* XZBaseViewController.m */,
				F8FA3B7F19B05D8500D478F9 /* UIBarButtonItem+NavItem.h */,
				F8FA3B8019B05D8500D478F9 /* UIBarButtonItem+NavItem.m */,
			);
			path = BaseView;
			sourceTree = "<group>";
		};
		F8FA3B7219B0479C00D478F9 /* PushBackClass */ = {
			isa = PBXGroup;
			children = (
				F8FA3B7319B0479C00D478F9 /* leftside_shadow_bg.png */,
				F8FA3B7419B0479C00D478F9 /* leftside_shadow_bg@2x.png */,
				F8FA3B7519B0479C00D478F9 /* pushBackLock.h */,
				F8FA3B7619B0479C00D478F9 /* pushBackLock.m */,
				F8FA3B7719B0479C00D478F9 /* PushBackNavigationController.h */,
				F8FA3B7819B0479C00D478F9 /* PushBackNavigationController.m */,
			);
			path = PushBackClass;
			sourceTree = "<group>";
		};
		F8FA3B8219B0644E00D478F9 /* Category */ = {
			isa = PBXGroup;
			children = (
				F8FA3B8319B0644E00D478F9 /* UIColor+XZ.h */,
				F8FA3B8419B0644E00D478F9 /* UIColor+XZ.m */,
				F8FA3B8C19B0655C00D478F9 /* UIFont+XZ.h */,
				F8FA3B8D19B0655C00D478F9 /* UIFont+XZ.m */,
				F8FA3B8519B0644E00D478F9 /* XZBaseButton+CornerRadius.h */,
				F8FA3B8619B0644E00D478F9 /* XZBaseButton+CornerRadius.m */,
				F8FA3B8719B0644E00D478F9 /* XZBaseButton+IconWithTitle.h */,
				F8FA3B8819B0644E00D478F9 /* XZBaseButton+IconWithTitle.m */,
				F8FA3B9319B06B3D00D478F9 /* UIImage+XZ.h */,
				F8FA3B9419B06B3D00D478F9 /* UIImage+XZ.m */,
				F8FA3B9619B06E7D00D478F9 /* UILabel+XZ.h */,
				F8FA3B9719B06E7D00D478F9 /* UILabel+XZ.m */,
				F8088FEC19D1AF8800797B9C /* UIViewController+TipsView.h */,
				F8088FED19D1AF8800797B9C /* UIViewController+TipsView.m */,
			);
			path = Category;
			sourceTree = "<group>";
		};
		F8FA3B8F19B0687400D478F9 /* ViewController */ = {
			isa = PBXGroup;
			children = (
				F8FA3B9019B0688800D478F9 /* XZMusicPlayViewController.h */,
				F8FA3B9119B0688800D478F9 /* XZMusicPlayViewController.m */,
			);
			path = ViewController;
			sourceTree = "<group>";
		};
		F8FA3B9919B0866700D478F9 /* other */ = {
			isa = PBXGroup;
			children = (
				F8F9F74A19C9758A00C5257F /* nav_menu_icon@2x.png */,
				F8FA3B9A19B0866700D478F9 /* anjuke_icon_back@2x.png */,
				F8FA3B9B19B0866700D478F9 /* anjuke_icon_back_press@2x.png */,
			);
			path = other;
			sourceTree = "<group>";
		};
/* End PBXGroup section */

/* Begin PBXNativeTarget section */
		F8288E9D19A77752008D5573 /* XZMusic */ = {
			isa = PBXNativeTarget;
			buildConfigurationList = F8288ECA19A77752008D5573 /* Build configuration list for PBXNativeTarget "XZMusic" */;
			buildPhases = (
				DE9C6858993E45ACB6AB40F4 /* Check Pods Manifest.lock */,
				F8288E9A19A77752008D5573 /* Sources */,
				F8288E9B19A77752008D5573 /* Frameworks */,
				F8288E9C19A77752008D5573 /* Resources */,
				BE74DEF59E534A6985805B64 /* Copy Pods Resources */,
			);
			buildRules = (
			);
			dependencies = (
			);
			name = XZMusic;
			productName = XZMusic;
			productReference = F8288E9E19A77752008D5573 /* XZMusic.app */;
			productType = "com.apple.product-type.application";
		};
		F8288EB819A77752008D5573 /* XZMusicTests */ = {
			isa = PBXNativeTarget;
			buildConfigurationList = F8288ECD19A77752008D5573 /* Build configuration list for PBXNativeTarget "XZMusicTests" */;
			buildPhases = (
				F8288EB519A77752008D5573 /* Sources */,
				F8288EB619A77752008D5573 /* Frameworks */,
				F8288EB719A77752008D5573 /* Resources */,
			);
			buildRules = (
			);
			dependencies = (
				F8288EBF19A77752008D5573 /* PBXTargetDependency */,
			);
			name = XZMusicTests;
			productName = XZMusicTests;
			productReference = F8288EB919A77752008D5573 /* XZMusicTests.xctest */;
			productType = "com.apple.product-type.bundle.unit-test";
		};
/* End PBXNativeTarget section */

/* Begin PBXProject section */
		F8288E9619A77752008D5573 /* Project object */ = {
			isa = PBXProject;
			attributes = {
				CLASSPREFIX = XZ;
				LastUpgradeCheck = 0510;
				ORGANIZATIONNAME = xiazer;
				TargetAttributes = {
					F8288EB819A77752008D5573 = {
						TestTargetID = F8288E9D19A77752008D5573;
					};
				};
			};
			buildConfigurationList = F8288E9919A77752008D5573 /* Build configuration list for PBXProject "XZMusic" */;
			compatibilityVersion = "Xcode 3.2";
			developmentRegion = English;
			hasScannedForEncodings = 0;
			knownRegions = (
				en,
			);
			mainGroup = F8288E9519A77752008D5573;
			productRefGroup = F8288E9F19A77752008D5573 /* Products */;
			projectDirPath = "";
			projectRoot = "";
			targets = (
				F8288E9D19A77752008D5573 /* XZMusic */,
				F8288EB819A77752008D5573 /* XZMusicTests */,
			);
		};
/* End PBXProject section */

/* Begin PBXResourcesBuildPhase section */
		F8288E9C19A77752008D5573 /* Resources */ = {
			isa = PBXResourcesBuildPhase;
			buildActionMask = 2147483647;
			files = (
				F8FA3B6419B024B700D478F9 /* logo_80.png in Resources */,
				F8FA3B2119B018FF00D478F9 /* thumb_up-512_.png in Resources */,
				F8FA3B2E19B018FF00D478F9 /* user_male3-256.png in Resources */,
				F8FA3B1619B018FF00D478F9 /* thumb_down-256.png in Resources */,
				F8FA3B0319B018FF00D478F9 /* settings-100.png in Resources */,
				F8FA3B2B19B018FF00D478F9 /* user_male3-100.png in Resources */,
				F8FA3B0219B018FF00D478F9 /* search-75.png in Resources */,
				F8FA3B2F19B018FF00D478F9 /* user_male3-32.png in Resources */,
				F8FA3B3719B018FF00D478F9 /* wifi-32.png in Resources */,
				F8288EAC19A77752008D5573 /* InfoPlist.strings in Resources */,
				F8FA3AF119B018FF00D478F9 /* music-75.png in Resources */,
				F8FA3B3219B018FF00D478F9 /* user_male3-75.png in Resources */,
				F8FA3AE819B018FF00D478F9 /* download@2x.png in Resources */,
				F8FA3AFB19B018FF00D478F9 /* search-100.png in Resources */,
				F8FA3B3819B018FF00D478F9 /* wifi-50.png in Resources */,
				F8FA3B3319B018FF00D478F9 /* wifi-100.png in Resources */,
				F8FA3AFF19B018FF00D478F9 /* search-32.png in Resources */,
				F8FA3B0519B018FF00D478F9 /* settings-25.png in Resources */,
				F8FA3AF719B018FF00D478F9 /* sad-32.png in Resources */,
				F8FA3AEA19B018FF00D478F9 /* music-100.png in Resources */,
				F8FA3B9C19B0866700D478F9 /* anjuke_icon_back@2x.png in Resources */,
				F8FA3B3919B018FF00D478F9 /* wifi-512_.png in Resources */,
				F8FA3B1119B018FF00D478F9 /* star-512_.png in Resources */,
				F8FA3B1819B018FF00D478F9 /* thumb_down-50.png in Resources */,
				F8FA3AF419B018FF00D478F9 /* sad-128.png in Resources */,
				F8FA3AED19B018FF00D478F9 /* music-256.png in Resources */,
				F8FA3B1C19B018FF00D478F9 /* thumb_up-128.png in Resources */,
				F8FA3B2A19B018FF00D478F9 /* trash-75.png in Resources */,
				F8FA3B9D19B0866700D478F9 /* anjuke_icon_back_press@2x.png in Resources */,
				F8FA3B1B19B018FF00D478F9 /* thumb_up-100.png in Resources */,
				F8F9F74B19C9758A00C5257F /* nav_menu_icon@2x.png in Resources */,
				F8FA3B0419B018FF00D478F9 /* settings-128.png in Resources */,
				F8FA3B1D19B018FF00D478F9 /* thumb_up-25.png in Resources */,
				F8FA3AF919B018FF00D478F9 /* sad-512_.png in Resources */,
				F8FA3B2619B018FF00D478F9 /* trash-256.png in Resources */,
				F8FA3B3019B018FF00D478F9 /* user_male3-50.png in Resources */,
				F8FA3B1519B018FF00D478F9 /* thumb_down-25.png in Resources */,
				F8FA3B1E19B018FF00D478F9 /* thumb_up-256.png in Resources */,
				F8FA3B5E19B024B700D478F9 /* logo_57.png in Resources */,
				F8FA3AEE19B018FF00D478F9 /* music-32.png in Resources */,
				F8FA3B3519B018FF00D478F9 /* wifi-25.png in Resources */,
				F8FA3B0119B018FF00D478F9 /* search-512_.png in Resources */,
				F8D3C7BF19C848D2004AFF2F /* WeiboSDK.bundle in Resources */,
				F8FA3AF819B018FF00D478F9 /* sad-50.png in Resources */,
				F8FA3B1419B018FF00D478F9 /* thumb_down-128.png in Resources */,
				F8FA3AF019B018FF00D478F9 /* music-512_.png in Resources */,
				F8C0886619B2D93600FFF778 /* search@2x.png in Resources */,
				F8FA3AF519B018FF00D478F9 /* sad-25.png in Resources */,
				F8FA3B2219B018FF00D478F9 /* thumb_up-75.png in Resources */,
				F8FA3B3419B018FF00D478F9 /* wifi-128.png in Resources */,
				F8FA3B0D19B018FF00D478F9 /* star-25.png in Resources */,
				F8FA3B5F19B024B700D478F9 /* logo_57@2x.png in Resources */,
				F8FA3B3119B018FF00D478F9 /* user_male3-512_.png in Resources */,
				F8FA3AEB19B018FF00D478F9 /* music-128.png in Resources */,
				F8FA3B0F19B018FF00D478F9 /* star-32.png in Resources */,
				F8FA3B2919B018FF00D478F9 /* trash-512_.png in Resources */,
				F8FA3B2719B018FF00D478F9 /* trash-32.png in Resources */,
				F8C0886419B2D92D00FFF778 /* settings@2x.png in Resources */,
				F8FA3B0619B018FF00D478F9 /* settings-256.png in Resources */,
				F8FA3B1219B018FF00D478F9 /* star-75.png in Resources */,
				F8FA3B6019B024B700D478F9 /* logo_60.png in Resources */,
				F8FA3B1319B018FF00D478F9 /* thumb_down-100.png in Resources */,
				F8FA3B0C19B018FF00D478F9 /* star-128.png in Resources */,
				F8FA3AF319B018FF00D478F9 /* sad-100.png in Resources */,
				F8FA3B2819B018FF00D478F9 /* trash-50.png in Resources */,
				F8FA3B6319B024B700D478F9 /* logo_72@2x.png in Resources */,
				F8FA3B2319B018FF00D478F9 /* trash-100.png in Resources */,
				F8FA3B1019B018FF00D478F9 /* star-50.png in Resources */,
				F8FA3AE919B018FF00D478F9 /* love@2x.png in Resources */,
				F8FA3AFD19B018FF00D478F9 /* search-25.png in Resources */,
				F8FA3B2019B018FF00D478F9 /* thumb_up-50.png in Resources */,
				F8FA3B0719B018FF00D478F9 /* settings-32.png in Resources */,
				F8FA3B7B19B0479C00D478F9 /* leftside_shadow_bg.png in Resources */,
				F8FA3B2419B018FF00D478F9 /* trash-128.png in Resources */,
				F8FA3B6119B024B700D478F9 /* logo_60@2x.png in Resources */,
				F8288EB419A77752008D5573 /* Images.xcassets in Resources */,
				F8FA3B6219B024B700D478F9 /* logo_72.png in Resources */,
				F8FA3B2D19B018FF00D478F9 /* user_male3-25.png in Resources */,
				F8FA3AF619B018FF00D478F9 /* sad-256.png in Resources */,
				F8FA3B1719B018FF00D478F9 /* thumb_down-32.png in Resources */,
				F8FA3AFA19B018FF00D478F9 /* sad-75.png in Resources */,
				F8FA3B2519B018FF00D478F9 /* trash-25.png in Resources */,
				F8FA3B3619B018FF00D478F9 /* wifi-256.png in Resources */,
				F8FA3B0E19B018FF00D478F9 /* star-256.png in Resources */,
				F8FA3B1919B018FF00D478F9 /* thumb_down-512_.png in Resources */,
				F8FA3B5C19B024B700D478F9 /* logo_29.png in Resources */,
				F8C0886819B2D96300FFF778 /* music@2x.png in Resources */,
				F8FA3B5D19B024B700D478F9 /* logo_29@2x.png in Resources */,
				F8FA3B1F19B018FF00D478F9 /* thumb_up-32.png in Resources */,
				F8FA3AEC19B018FF00D478F9 /* music-25.png in Resources */,
				F8FA3B6519B024B700D478F9 /* logo_80@2x.png in Resources */,
				F8FA3B0919B018FF00D478F9 /* settings-512_.png in Resources */,
				F8FA3B3A19B018FF00D478F9 /* wifi-75.png in Resources */,
				F8FA3AFE19B018FF00D478F9 /* search-256.png in Resources */,
				F8FA3B1A19B018FF00D478F9 /* thumb_down-75.png in Resources */,
				F8FA3B2C19B018FF00D478F9 /* user_male3-128.png in Resources */,
				F8FA3B0B19B018FF00D478F9 /* star-100.png in Resources */,
				F8FA3AFC19B018FF00D478F9 /* search-128.png in Resources */,
				F8FA3B7C19B0479C00D478F9 /* leftside_shadow_bg@2x.png in Resources */,
				F8FA3B0A19B018FF00D478F9 /* settings-75.png in Resources */,
			);
			runOnlyForDeploymentPostprocessing = 0;
		};
		F8288EB719A77752008D5573 /* Resources */ = {
			isa = PBXResourcesBuildPhase;
			buildActionMask = 2147483647;
			files = (
				F8288EC519A77752008D5573 /* InfoPlist.strings in Resources */,
			);
			runOnlyForDeploymentPostprocessing = 0;
		};
/* End PBXResourcesBuildPhase section */

/* Begin PBXShellScriptBuildPhase section */
		BE74DEF59E534A6985805B64 /* Copy Pods Resources */ = {
			isa = PBXShellScriptBuildPhase;
			buildActionMask = 2147483647;
			files = (
			);
			inputPaths = (
			);
			name = "Copy Pods Resources";
			outputPaths = (
			);
			runOnlyForDeploymentPostprocessing = 0;
			shellPath = /bin/sh;
			shellScript = "\"${SRCROOT}/Pods/Pods-resources.sh\"\n";
			showEnvVarsInLog = 0;
		};
		DE9C6858993E45ACB6AB40F4 /* Check Pods Manifest.lock */ = {
			isa = PBXShellScriptBuildPhase;
			buildActionMask = 2147483647;
			files = (
			);
			inputPaths = (
			);
			name = "Check Pods Manifest.lock";
			outputPaths = (
			);
			runOnlyForDeploymentPostprocessing = 0;
			shellPath = /bin/sh;
			shellScript = "diff \"${PODS_ROOT}/../Podfile.lock\" \"${PODS_ROOT}/Manifest.lock\" > /dev/null\nif [[ $? != 0 ]] ; then\n    cat << EOM\nerror: The sandbox is not in sync with the Podfile.lock. Run 'pod install' or update your CocoaPods installation.\nEOM\n    exit 1\nfi\n";
			showEnvVarsInLog = 0;
		};
/* End PBXShellScriptBuildPhase section */

/* Begin PBXSourcesBuildPhase section */
		F8288E9A19A77752008D5573 /* Sources */ = {
			isa = PBXSourcesBuildPhase;
			buildActionMask = 2147483647;
			files = (
				F8D3C7C619C848E1004AFF2F /* XZWBLoginManager.m in Sources */,
				F8C0886219B2D84700FFF778 /* XZDownLoadViewController.m in Sources */,
				F8F1FD8319A9791D00C5A7F7 /* XZTabBarViewController.m in Sources */,
				F8FA3B8919B0644E00D478F9 /* UIColor+XZ.m in Sources */,
				F8FA3B9819B06E7D00D478F9 /* UILabel+XZ.m in Sources */,
				F8C766DC19B2EB7D00C01953 /* XZLovingViewController.m in Sources */,
				F8288EB219A77752008D5573 /* XZAppDelegate.m in Sources */,
				F8FA3B7D19B0479C00D478F9 /* pushBackLock.m in Sources */,
				F8F1FD7C19A977C100C5A7F7 /* XZLeftMenu.m in Sources */,
				F8F1FD9919A98C8800C5A7F7 /* XZBaseButton.m in Sources */,
				F8F1FD8619A9794500C5A7F7 /* XZTabBarForHomeViewController.m in Sources */,
				F8F1FD9F19A98DBF00C5A7F7 /* XZLineView.m in Sources */,
				F8D3C7C519C848E1004AFF2F /* XZLoginForWBViewController.m in Sources */,
				F8FA3B8E19B0655C00D478F9 /* UIFont+XZ.m in Sources */,
				F8F1FD9419A988D800C5A7F7 /* XZMenuButton.m in Sources */,
				F8288EAE19A77752008D5573 /* main.m in Sources */,
				F8FA3B9519B06B3D00D478F9 /* UIImage+XZ.m in Sources */,
				F8FA3B7A19B0479C00D478F9 /* XZBaseViewController.m in Sources */,
				F8C766D819B2EB5A00C01953 /* XZSettingViewController.m in Sources */,
				F8F1FD8919A9795E00C5A7F7 /* XZTabBarForMeViewController.m in Sources */,
				F8F1FD9C19A98CB200C5A7F7 /* XZTabBarView.m in Sources */,
				F8FA3B9219B0688800D478F9 /* XZMusicPlayViewController.m in Sources */,
				F8C42C8419AF1CEC00DE0673 /* XZHeaderButton.m in Sources */,
				F8F1FD7F19A978E100C5A7F7 /* XZMenuMainViewController.m in Sources */,
				F88EECEC19CEA0D60041C4B3 /* XZWBLoginInfo.m in Sources */,
				F8088FEE19D1AF8800797B9C /* UIViewController+TipsView.m in Sources */,
				F8C766E019B2EBB900C01953 /* XZSearchViewController.m in Sources */,
				F8FA3B8119B05D8500D478F9 /* UIBarButtonItem+NavItem.m in Sources */,
				F8FA3B8A19B0644E00D478F9 /* XZBaseButton+CornerRadius.m in Sources */,
				F8FA3B7919B0479C00D478F9 /* XZBaseNaviViewController.m in Sources */,
				F8FA3B8B19B0644E00D478F9 /* XZBaseButton+IconWithTitle.m in Sources */,
				F8FA3B7E19B0479C00D478F9 /* PushBackNavigationController.m in Sources */,
			);
			runOnlyForDeploymentPostprocessing = 0;
		};
		F8288EB519A77752008D5573 /* Sources */ = {
			isa = PBXSourcesBuildPhase;
			buildActionMask = 2147483647;
			files = (
				F8288EC719A77752008D5573 /* XZMusicTests.m in Sources */,
			);
			runOnlyForDeploymentPostprocessing = 0;
		};
/* End PBXSourcesBuildPhase section */

/* Begin PBXTargetDependency section */
		F8288EBF19A77752008D5573 /* PBXTargetDependency */ = {
			isa = PBXTargetDependency;
			target = F8288E9D19A77752008D5573 /* XZMusic */;
			targetProxy = F8288EBE19A77752008D5573 /* PBXContainerItemProxy */;
		};
/* End PBXTargetDependency section */

/* Begin PBXVariantGroup section */
		F8288EAA19A77752008D5573 /* InfoPlist.strings */ = {
			isa = PBXVariantGroup;
			children = (
				F8288EAB19A77752008D5573 /* en */,
			);
			name = InfoPlist.strings;
			sourceTree = "<group>";
		};
		F8288EC319A77752008D5573 /* InfoPlist.strings */ = {
			isa = PBXVariantGroup;
			children = (
				F8288EC419A77752008D5573 /* en */,
			);
			name = InfoPlist.strings;
			sourceTree = "<group>";
		};
/* End PBXVariantGroup section */

/* Begin XCBuildConfiguration section */
		F8288EC819A77752008D5573 /* Debug */ = {
			isa = XCBuildConfiguration;
			buildSettings = {
				ALWAYS_SEARCH_USER_PATHS = NO;
				CLANG_CXX_LANGUAGE_STANDARD = "gnu++0x";
				CLANG_CXX_LIBRARY = "libc++";
				CLANG_ENABLE_MODULES = YES;
				CLANG_ENABLE_OBJC_ARC = YES;
				CLANG_WARN_BOOL_CONVERSION = YES;
				CLANG_WARN_CONSTANT_CONVERSION = YES;
				CLANG_WARN_DIRECT_OBJC_ISA_USAGE = YES_ERROR;
				CLANG_WARN_EMPTY_BODY = YES;
				CLANG_WARN_ENUM_CONVERSION = YES;
				CLANG_WARN_INT_CONVERSION = YES;
				CLANG_WARN_OBJC_ROOT_CLASS = YES_ERROR;
				CLANG_WARN__DUPLICATE_METHOD_MATCH = YES;
				"CODE_SIGN_IDENTITY[sdk=iphoneos*]" = "iPhone Developer";
				COPY_PHASE_STRIP = NO;
				GCC_C_LANGUAGE_STANDARD = gnu99;
				GCC_DYNAMIC_NO_PIC = NO;
				GCC_OPTIMIZATION_LEVEL = 0;
				GCC_PREPROCESSOR_DEFINITIONS = (
					"DEBUG=1",
					"$(inherited)",
				);
				GCC_SYMBOLS_PRIVATE_EXTERN = NO;
				GCC_WARN_64_TO_32_BIT_CONVERSION = YES;
				GCC_WARN_ABOUT_RETURN_TYPE = YES_ERROR;
				GCC_WARN_UNDECLARED_SELECTOR = YES;
				GCC_WARN_UNINITIALIZED_AUTOS = YES_AGGRESSIVE;
				GCC_WARN_UNUSED_FUNCTION = YES;
				GCC_WARN_UNUSED_VARIABLE = YES;
				IPHONEOS_DEPLOYMENT_TARGET = 6.0;
				ONLY_ACTIVE_ARCH = YES;
				SDKROOT = iphoneos;
			};
			name = Debug;
		};
		F8288EC919A77752008D5573 /* Release */ = {
			isa = XCBuildConfiguration;
			buildSettings = {
				ALWAYS_SEARCH_USER_PATHS = NO;
				CLANG_CXX_LANGUAGE_STANDARD = "gnu++0x";
				CLANG_CXX_LIBRARY = "libc++";
				CLANG_ENABLE_MODULES = YES;
				CLANG_ENABLE_OBJC_ARC = YES;
				CLANG_WARN_BOOL_CONVERSION = YES;
				CLANG_WARN_CONSTANT_CONVERSION = YES;
				CLANG_WARN_DIRECT_OBJC_ISA_USAGE = YES_ERROR;
				CLANG_WARN_EMPTY_BODY = YES;
				CLANG_WARN_ENUM_CONVERSION = YES;
				CLANG_WARN_INT_CONVERSION = YES;
				CLANG_WARN_OBJC_ROOT_CLASS = YES_ERROR;
				CLANG_WARN__DUPLICATE_METHOD_MATCH = YES;
				"CODE_SIGN_IDENTITY[sdk=iphoneos*]" = "iPhone Developer";
				COPY_PHASE_STRIP = YES;
				ENABLE_NS_ASSERTIONS = NO;
				GCC_C_LANGUAGE_STANDARD = gnu99;
				GCC_WARN_64_TO_32_BIT_CONVERSION = YES;
				GCC_WARN_ABOUT_RETURN_TYPE = YES_ERROR;
				GCC_WARN_UNDECLARED_SELECTOR = YES;
				GCC_WARN_UNINITIALIZED_AUTOS = YES_AGGRESSIVE;
				GCC_WARN_UNUSED_FUNCTION = YES;
				GCC_WARN_UNUSED_VARIABLE = YES;
				IPHONEOS_DEPLOYMENT_TARGET = 6.0;
				SDKROOT = iphoneos;
				VALIDATE_PRODUCT = YES;
			};
			name = Release;
		};
		F8288ECB19A77752008D5573 /* Debug */ = {
			isa = XCBuildConfiguration;
			baseConfigurationReference = C8D36750BFE44555902081CD /* Pods.xcconfig */;
			buildSettings = {
				ASSETCATALOG_COMPILER_APPICON_NAME = AppIcon;
				ASSETCATALOG_COMPILER_LAUNCHIMAGE_NAME = LaunchImage;
				GCC_PRECOMPILE_PREFIX_HEADER = YES;
				GCC_PREFIX_HEADER = "XZMusic/XZMusic-Prefix.pch";
				INFOPLIST_FILE = "XZMusic/XZMusic-Info.plist";
				IPHONEOS_DEPLOYMENT_TARGET = 6.0;
				LIBRARY_SEARCH_PATHS = (
					"$(inherited)",
					"$(PROJECT_DIR)/libWeiboSDK",
				);
				PRODUCT_NAME = "$(TARGET_NAME)";
				WRAPPER_EXTENSION = app;
			};
			name = Debug;
		};
		F8288ECC19A77752008D5573 /* Release */ = {
			isa = XCBuildConfiguration;
			baseConfigurationReference = C8D36750BFE44555902081CD /* Pods.xcconfig */;
			buildSettings = {
				ASSETCATALOG_COMPILER_APPICON_NAME = AppIcon;
				ASSETCATALOG_COMPILER_LAUNCHIMAGE_NAME = LaunchImage;
				GCC_PRECOMPILE_PREFIX_HEADER = YES;
				GCC_PREFIX_HEADER = "XZMusic/XZMusic-Prefix.pch";
				INFOPLIST_FILE = "XZMusic/XZMusic-Info.plist";
				IPHONEOS_DEPLOYMENT_TARGET = 6.0;
				LIBRARY_SEARCH_PATHS = (
					"$(inherited)",
					"$(PROJECT_DIR)/libWeiboSDK",
				);
				PRODUCT_NAME = "$(TARGET_NAME)";
				WRAPPER_EXTENSION = app;
			};
			name = Release;
		};
		F8288ECE19A77752008D5573 /* Debug */ = {
			isa = XCBuildConfiguration;
			buildSettings = {
				BUNDLE_LOADER = "$(BUILT_PRODUCTS_DIR)/XZMusic.app/XZMusic";
				FRAMEWORK_SEARCH_PATHS = (
					"$(SDKROOT)/Developer/Library/Frameworks",
					"$(inherited)",
					"$(DEVELOPER_FRAMEWORKS_DIR)",
				);
				GCC_PRECOMPILE_PREFIX_HEADER = YES;
				GCC_PREFIX_HEADER = "XZMusic/XZMusic-Prefix.pch";
				GCC_PREPROCESSOR_DEFINITIONS = (
					"DEBUG=1",
					"$(inherited)",
				);
				INFOPLIST_FILE = "XZMusicTests/XZMusicTests-Info.plist";
				PRODUCT_NAME = "$(TARGET_NAME)";
				TEST_HOST = "$(BUNDLE_LOADER)";
				WRAPPER_EXTENSION = xctest;
			};
			name = Debug;
		};
		F8288ECF19A77752008D5573 /* Release */ = {
			isa = XCBuildConfiguration;
			buildSettings = {
				BUNDLE_LOADER = "$(BUILT_PRODUCTS_DIR)/XZMusic.app/XZMusic";
				FRAMEWORK_SEARCH_PATHS = (
					"$(SDKROOT)/Developer/Library/Frameworks",
					"$(inherited)",
					"$(DEVELOPER_FRAMEWORKS_DIR)",
				);
				GCC_PRECOMPILE_PREFIX_HEADER = YES;
				GCC_PREFIX_HEADER = "XZMusic/XZMusic-Prefix.pch";
				INFOPLIST_FILE = "XZMusicTests/XZMusicTests-Info.plist";
				PRODUCT_NAME = "$(TARGET_NAME)";
				TEST_HOST = "$(BUNDLE_LOADER)";
				WRAPPER_EXTENSION = xctest;
			};
			name = Release;
		};
/* End XCBuildConfiguration section */

/* Begin XCConfigurationList section */
		F8288E9919A77752008D5573 /* Build configuration list for PBXProject "XZMusic" */ = {
			isa = XCConfigurationList;
			buildConfigurations = (
				F8288EC819A77752008D5573 /* Debug */,
				F8288EC919A77752008D5573 /* Release */,
			);
			defaultConfigurationIsVisible = 0;
			defaultConfigurationName = Release;
		};
		F8288ECA19A77752008D5573 /* Build configuration list for PBXNativeTarget "XZMusic" */ = {
			isa = XCConfigurationList;
			buildConfigurations = (
				F8288ECB19A77752008D5573 /* Debug */,
				F8288ECC19A77752008D5573 /* Release */,
			);
			defaultConfigurationIsVisible = 0;
			defaultConfigurationName = Release;
		};
		F8288ECD19A77752008D5573 /* Build configuration list for PBXNativeTarget "XZMusicTests" */ = {
			isa = XCConfigurationList;
			buildConfigurations = (
				F8288ECE19A77752008D5573 /* Debug */,
				F8288ECF19A77752008D5573 /* Release */,
			);
			defaultConfigurationIsVisible = 0;
			defaultConfigurationName = Release;
		};
/* End XCConfigurationList section */
	};
	rootObject = F8288E9619A77752008D5573 /* Project object */;
}
